// !$*UTF8*$!
{
	archiveVersion = 1;
	classes = {
	};
	objectVersion = 46;
	objects = {

/* Begin PBXBuildFile section */
		7C07BBAC1C33DC440060404A /* GRMessagesTextView.m in Sources */ = {isa = PBXBuildFile; fileRef = 7C07BBAB1C33DC440060404A /* GRMessagesTextView.m */; };
		7C07BBAF1C352D970060404A /* UIView+InputToolbarContentViewLayoutEdge.m in Sources */ = {isa = PBXBuildFile; fileRef = 7C07BBAE1C352D970060404A /* UIView+InputToolbarContentViewLayoutEdge.m */; };
		7C2538AD1C3370CE00C69A89 /* main.m in Sources */ = {isa = PBXBuildFile; fileRef = 7C2538AC1C3370CE00C69A89 /* main.m */; };
		7C2538B81C3370CE00C69A89 /* Assets.xcassets in Resources */ = {isa = PBXBuildFile; fileRef = 7C2538B71C3370CE00C69A89 /* Assets.xcassets */; };
		7C2538BB1C3370CE00C69A89 /* LaunchScreen.storyboard in Resources */ = {isa = PBXBuildFile; fileRef = 7C2538B91C3370CE00C69A89 /* LaunchScreen.storyboard */; };
		7C2538DA1C33797600C69A89 /* AppDelegate.m in Sources */ = {isa = PBXBuildFile; fileRef = 7C2538D11C33797600C69A89 /* AppDelegate.m */; };
		7C2538E11C33825600C69A89 /* DemoGRMessagesViewController.m in Sources */ = {isa = PBXBuildFile; fileRef = 7C2538E01C33825600C69A89 /* DemoGRMessagesViewController.m */; };
		7C2538E91C3383DF00C69A89 /* NSString+Extensions.m in Sources */ = {isa = PBXBuildFile; fileRef = 7C2538E51C3383DF00C69A89 /* NSString+Extensions.m */; };
		7C2538EA1C3383DF00C69A89 /* UIColor+Hex.m in Sources */ = {isa = PBXBuildFile; fileRef = 7C2538E81C3383DF00C69A89 /* UIColor+Hex.m */; };
		7C2538EE1C3383EF00C69A89 /* pinyin.c in Sources */ = {isa = PBXBuildFile; fileRef = 7C2538EC1C3383EF00C69A89 /* pinyin.c */; };
		7C2538F71C33B82F00C69A89 /* GRMessagesViewController.m in Sources */ = {isa = PBXBuildFile; fileRef = 7C2538F51C33B82F00C69A89 /* GRMessagesViewController.m */; };
		7C2538F81C33B82F00C69A89 /* GRMessagesViewController.xib in Resources */ = {isa = PBXBuildFile; fileRef = 7C2538F61C33B82F00C69A89 /* GRMessagesViewController.xib */; };
		7C2538FB1C33B98F00C69A89 /* GRMessagesInputToolbar.m in Sources */ = {isa = PBXBuildFile; fileRef = 7C2538FA1C33B98F00C69A89 /* GRMessagesInputToolbar.m */; };
		7C2538FE1C33C6D500C69A89 /* GRMessagesCollectionViewFlowLayout.m in Sources */ = {isa = PBXBuildFile; fileRef = 7C2538FD1C33C6D500C69A89 /* GRMessagesCollectionViewFlowLayout.m */; };
		7C2539011C33C94900C69A89 /* GRMessagesInputToolbarContentView.m in Sources */ = {isa = PBXBuildFile; fileRef = 7C2539001C33C94900C69A89 /* GRMessagesInputToolbarContentView.m */; };
		7C2539051C33C9B200C69A89 /* GRMessagesInputToolbarContentView.xib in Resources */ = {isa = PBXBuildFile; fileRef = 7C2539041C33C9B200C69A89 /* GRMessagesInputToolbarContentView.xib */; };
		7C2700721C59B46600F50470 /* UIImage+Thumbanail.m in Sources */ = {isa = PBXBuildFile; fileRef = 7C2700711C59B46600F50470 /* UIImage+Thumbanail.m */; };
		7C2700741C59B4E400F50470 /* SaveImage.m in Sources */ = {isa = PBXBuildFile; fileRef = 7C2700731C59B4E400F50470 /* SaveImage.m */; };
		7C2700771C59B50E00F50470 /* libsqlite3.0.tbd in Frameworks */ = {isa = PBXBuildFile; fileRef = 7C2700761C59B50E00F50470 /* libsqlite3.0.tbd */; };
		7C9639141C45F5D200BA3511 /* GRMessasgesAvatarImage.m in Sources */ = {isa = PBXBuildFile; fileRef = 7C9639131C45F5D200BA3511 /* GRMessasgesAvatarImage.m */; };
		7C9639171C45FCC200BA3511 /* GRMessagesBubbleImage.m in Sources */ = {isa = PBXBuildFile; fileRef = 7C9639161C45FCC200BA3511 /* GRMessagesBubbleImage.m */; };
		7C96391A1C46036100BA3511 /* GRMessagesImage.m in Sources */ = {isa = PBXBuildFile; fileRef = 7C9639191C46036100BA3511 /* GRMessagesImage.m */; };
		7C9639201C4607E200BA3511 /* GRMessage.m in Sources */ = {isa = PBXBuildFile; fileRef = 7C96391F1C4607E200BA3511 /* GRMessage.m */; };
		7C9639261C460D5E00BA3511 /* GRMessagesMediaItem.m in Sources */ = {isa = PBXBuildFile; fileRef = 7C9639251C460D5E00BA3511 /* GRMessagesMediaItem.m */; };
		7C9639291C460D9100BA3511 /* GRMessagesPhotoMediaItem.m in Sources */ = {isa = PBXBuildFile; fileRef = 7C9639281C460D9100BA3511 /* GRMessagesPhotoMediaItem.m */; };
		7C96392C1C460DC100BA3511 /* GRMessagesVideoMediaItem.m in Sources */ = {isa = PBXBuildFile; fileRef = 7C96392B1C460DC100BA3511 /* GRMessagesVideoMediaItem.m */; };
		7C96392F1C460DE500BA3511 /* GRMessagesAudioMedialtem.m in Sources */ = {isa = PBXBuildFile; fileRef = 7C96392E1C460DE500BA3511 /* GRMessagesAudioMedialtem.m */; };
		7C9639321C460E1100BA3511 /* GRMessagesLocationMediaItem.m in Sources */ = {isa = PBXBuildFile; fileRef = 7C9639311C460E1100BA3511 /* GRMessagesLocationMediaItem.m */; };
		7C9639351C460E2D00BA3511 /* GRMessagesFileMediaItem.m in Sources */ = {isa = PBXBuildFile; fileRef = 7C9639341C460E2D00BA3511 /* GRMessagesFileMediaItem.m */; };
		7CA444C01C4644FD0052905B /* GRMessagesMediaPlaceholderView.m in Sources */ = {isa = PBXBuildFile; fileRef = 7CA444BF1C4644FD0052905B /* GRMessagesMediaPlaceholderView.m */; };
		7CB853AE1C3A9F4500BE417F /* NSBundle+GRMessages.m in Sources */ = {isa = PBXBuildFile; fileRef = 7CB853AD1C3A9F4500BE417F /* NSBundle+GRMessages.m */; };
		7CB853F61C3B67FC00BE417F /* GRMessagesAssets.bundle in Resources */ = {isa = PBXBuildFile; fileRef = 7CB853F51C3B67FC00BE417F /* GRMessagesAssets.bundle */; };
		7CB853F91C3B941D00BE417F /* UIImage+GRMessages.m in Sources */ = {isa = PBXBuildFile; fileRef = 7CB853F81C3B941D00BE417F /* UIImage+GRMessages.m */; };
		7CB853FC1C3BA9CD00BE417F /* UIColor+GRMessages.m in Sources */ = {isa = PBXBuildFile; fileRef = 7CB853FB1C3BA9CD00BE417F /* UIColor+GRMessages.m */; };
		7CB853FF1C3BE65900BE417F /* UIDevice+GRMessages.m in Sources */ = {isa = PBXBuildFile; fileRef = 7CB853FE1C3BE65900BE417F /* UIDevice+GRMessages.m */; };
		7CDD82241C439D4A0059D2EA /* GRMessagesInputToolbarButtonFactroy.m in Sources */ = {isa = PBXBuildFile; fileRef = 7CDD82231C439D4A0059D2EA /* GRMessagesInputToolbarButtonFactroy.m */; };
		7CDD82271C43B7EB0059D2EA /* GRMessagesSlideView.m in Sources */ = {isa = PBXBuildFile; fileRef = 7CDD82261C43B7EB0059D2EA /* GRMessagesSlideView.m */; };
		7CDD822A1C43B80A0059D2EA /* GRMessagesGarbageView.m in Sources */ = {isa = PBXBuildFile; fileRef = 7CDD82291C43B80A0059D2EA /* GRMessagesGarbageView.m */; };
		7CDD82311C44DAE80059D2EA /* FBShimmeringLayer.m in Sources */ = {isa = PBXBuildFile; fileRef = 7CDD822E1C44DAE80059D2EA /* FBShimmeringLayer.m */; };
		7CDD82321C44DAE80059D2EA /* FBShimmeringView.m in Sources */ = {isa = PBXBuildFile; fileRef = 7CDD82301C44DAE80059D2EA /* FBShimmeringView.m */; };
		7CDD82361C45E9430059D2EA /* GRMessagesAvatarImageFactory.m in Sources */ = {isa = PBXBuildFile; fileRef = 7CDD82351C45E9430059D2EA /* GRMessagesAvatarImageFactory.m */; };
		7CDD82391C45E95C0059D2EA /* GRMessagesBubbleImageFactory.m in Sources */ = {isa = PBXBuildFile; fileRef = 7CDD82381C45E95C0059D2EA /* GRMessagesBubbleImageFactory.m */; };
		7CDD823C1C45E9D10059D2EA /* GRMessagesMediaViewBubbleImageFaker.m in Sources */ = {isa = PBXBuildFile; fileRef = 7CDD823B1C45E9D10059D2EA /* GRMessagesMediaViewBubbleImageFaker.m */; };
		7CDD823F1C45E9F10059D2EA /* GRMessagesTimestampFormatter.m in Sources */ = {isa = PBXBuildFile; fileRef = 7CDD823E1C45E9F10059D2EA /* GRMessagesTimestampFormatter.m */; };
		7CDD82471C45F4F60059D2EA /* GRMessagesCollectionView.m in Sources */ = {isa = PBXBuildFile; fileRef = 7CDD82461C45F4F60059D2EA /* GRMessagesCollectionView.m */; };
		7CDED0481C4CD54D004059BA /* GRMessagesLoadEarlierHeaderView.m in Sources */ = {isa = PBXBuildFile; fileRef = 7CDED0471C4CD54D004059BA /* GRMessagesLoadEarlierHeaderView.m */; };
		7CDED04A1C4CD570004059BA /* GRMessagesLoadEarlierHeaderView.xib in Resources */ = {isa = PBXBuildFile; fileRef = 7CDED0491C4CD570004059BA /* GRMessagesLoadEarlierHeaderView.xib */; };
		7CDED04C1C4CDD82004059BA /* GRMessagesIndicatorIncomingView.xib in Resources */ = {isa = PBXBuildFile; fileRef = 7CDED04B1C4CDD82004059BA /* GRMessagesIndicatorIncomingView.xib */; };
		7CDED04F1C4CDE0E004059BA /* GRMessagesIndicatorIncomingView.m in Sources */ = {isa = PBXBuildFile; fileRef = 7CDED04E1C4CDE0E004059BA /* GRMessagesIndicatorIncomingView.m */; };
		7CDED0521C4CDED3004059BA /* GRMessagesCollectionViewCell.m in Sources */ = {isa = PBXBuildFile; fileRef = 7CDED0511C4CDED3004059BA /* GRMessagesCollectionViewCell.m */; };
		7CDED0561C4CE331004059BA /* GRMessagesCollectionViewCellIncoming.m in Sources */ = {isa = PBXBuildFile; fileRef = 7CDED0541C4CE331004059BA /* GRMessagesCollectionViewCellIncoming.m */; };
		7CDED05B1C4CE348004059BA /* GRMessagesCollectionViewCellOutgoing.m in Sources */ = {isa = PBXBuildFile; fileRef = 7CDED0591C4CE348004059BA /* GRMessagesCollectionViewCellOutgoing.m */; };
		7CDED05F1C4CE3CC004059BA /* GRMessagesLabel.m in Sources */ = {isa = PBXBuildFile; fileRef = 7CDED05E1C4CE3CC004059BA /* GRMessagesLabel.m */; };
		7CDED0621C4CE417004059BA /* GRMessagesCellTextView.m in Sources */ = {isa = PBXBuildFile; fileRef = 7CDED0611C4CE417004059BA /* GRMessagesCellTextView.m */; };
		7CDED0641C4CEC4B004059BA /* GRMessagesCollectionViewCellIncoming.xib in Resources */ = {isa = PBXBuildFile; fileRef = 7CDED0631C4CEC4B004059BA /* GRMessagesCollectionViewCellIncoming.xib */; };
		7CDED0661C4CEC65004059BA /* GRMessagesCollectionViewCellOutgoing.xib in Resources */ = {isa = PBXBuildFile; fileRef = 7CDED0651C4CEC65004059BA /* GRMessagesCollectionViewCellOutgoing.xib */; };
		7CE7B81E1C3A87CD003A072B /* NSUserDefaults+GRMessages.m in Sources */ = {isa = PBXBuildFile; fileRef = 7CE7B81D1C3A87CD003A072B /* NSUserDefaults+GRMessages.m */; };
		7CE7B8211C3A880A003A072B /* GRMessagsAudioServicesPlaySystemSound+GRMessages.m in Sources */ = {isa = PBXBuildFile; fileRef = 7CE7B8201C3A880A003A072B /* GRMessagsAudioServicesPlaySystemSound+GRMessages.m */; };
		7CEF62C31C3A10C4009D9F9D /* GRMessagsAudioServicesPlaySystemSound.m in Sources */ = {isa = PBXBuildFile; fileRef = 7CEF62C21C3A10C4009D9F9D /* GRMessagsAudioServicesPlaySystemSound.m */; };
		7CEF62C61C3A112B009D9F9D /* UIKit.framework in Frameworks */ = {isa = PBXBuildFile; fileRef = 7CEF62C51C3A112B009D9F9D /* UIKit.framework */; };
		7CEF62C81C3A113C009D9F9D /* Foundation.framework in Frameworks */ = {isa = PBXBuildFile; fileRef = 7CEF62C71C3A113C009D9F9D /* Foundation.framework */; };
		7CEF62CA1C3A1152009D9F9D /* AudioToolbox.framework in Frameworks */ = {isa = PBXBuildFile; fileRef = 7CEF62C91C3A1152009D9F9D /* AudioToolbox.framework */; };
/* End PBXBuildFile section */

/* Begin PBXFileReference section */
		7C07BBAA1C33DC440060404A /* GRMessagesTextView.h */ = {isa = PBXFileReference; fileEncoding = 4; lastKnownFileType = sourcecode.c.h; path = GRMessagesTextView.h; sourceTree = "<group>"; };
		7C07BBAB1C33DC440060404A /* GRMessagesTextView.m */ = {isa = PBXFileReference; fileEncoding = 4; lastKnownFileType = sourcecode.c.objc; path = GRMessagesTextView.m; sourceTree = "<group>"; };
		7C07BBAD1C352D970060404A /* UIView+InputToolbarContentViewLayoutEdge.h */ = {isa = PBXFileReference; fileEncoding = 4; lastKnownFileType = sourcecode.c.h; path = "UIView+InputToolbarContentViewLayoutEdge.h"; sourceTree = "<group>"; };
		7C07BBAE1C352D970060404A /* UIView+InputToolbarContentViewLayoutEdge.m */ = {isa = PBXFileReference; fileEncoding = 4; lastKnownFileType = sourcecode.c.objc; path = "UIView+InputToolbarContentViewLayoutEdge.m"; sourceTree = "<group>"; };
		7C2538A81C3370CE00C69A89 /* GRMessages.app */ = {isa = PBXFileReference; explicitFileType = wrapper.application; includeInIndex = 0; path = GRMessages.app; sourceTree = BUILT_PRODUCTS_DIR; };
		7C2538AC1C3370CE00C69A89 /* main.m */ = {isa = PBXFileReference; lastKnownFileType = sourcecode.c.objc; path = main.m; sourceTree = "<group>"; };
		7C2538B71C3370CE00C69A89 /* Assets.xcassets */ = {isa = PBXFileReference; lastKnownFileType = folder.assetcatalog; path = Assets.xcassets; sourceTree = "<group>"; };
		7C2538BA1C3370CE00C69A89 /* Base */ = {isa = PBXFileReference; lastKnownFileType = file.storyboard; name = Base; path = Base.lproj/LaunchScreen.storyboard; sourceTree = "<group>"; };
		7C2538BC1C3370CE00C69A89 /* Info.plist */ = {isa = PBXFileReference; lastKnownFileType = text.plist.xml; path = Info.plist; sourceTree = "<group>"; };
		7C2538D01C33797600C69A89 /* AppDelegate.h */ = {isa = PBXFileReference; fileEncoding = 4; lastKnownFileType = sourcecode.c.h; path = AppDelegate.h; sourceTree = "<group>"; };
		7C2538D11C33797600C69A89 /* AppDelegate.m */ = {isa = PBXFileReference; fileEncoding = 4; lastKnownFileType = sourcecode.c.objc; path = AppDelegate.m; sourceTree = "<group>"; };
		7C2538DF1C33825600C69A89 /* DemoGRMessagesViewController.h */ = {isa = PBXFileReference; fileEncoding = 4; lastKnownFileType = sourcecode.c.h; path = DemoGRMessagesViewController.h; sourceTree = "<group>"; };
		7C2538E01C33825600C69A89 /* DemoGRMessagesViewController.m */ = {isa = PBXFileReference; fileEncoding = 4; lastKnownFileType = sourcecode.c.objc; path = DemoGRMessagesViewController.m; sourceTree = "<group>"; };
		7C2538E21C3382E500C69A89 /* Singleton.h */ = {isa = PBXFileReference; fileEncoding = 4; lastKnownFileType = sourcecode.c.h; path = Singleton.h; sourceTree = "<group>"; };
		7C2538E41C3383DF00C69A89 /* NSString+Extensions.h */ = {isa = PBXFileReference; fileEncoding = 4; lastKnownFileType = sourcecode.c.h; path = "NSString+Extensions.h"; sourceTree = "<group>"; };
		7C2538E51C3383DF00C69A89 /* NSString+Extensions.m */ = {isa = PBXFileReference; fileEncoding = 4; lastKnownFileType = sourcecode.c.objc; path = "NSString+Extensions.m"; sourceTree = "<group>"; };
		7C2538E71C3383DF00C69A89 /* UIColor+Hex.h */ = {isa = PBXFileReference; fileEncoding = 4; lastKnownFileType = sourcecode.c.h; path = "UIColor+Hex.h"; sourceTree = "<group>"; };
		7C2538E81C3383DF00C69A89 /* UIColor+Hex.m */ = {isa = PBXFileReference; fileEncoding = 4; lastKnownFileType = sourcecode.c.objc; path = "UIColor+Hex.m"; sourceTree = "<group>"; };
		7C2538EC1C3383EF00C69A89 /* pinyin.c */ = {isa = PBXFileReference; fileEncoding = 4; lastKnownFileType = sourcecode.c.c; path = pinyin.c; sourceTree = "<group>"; };
		7C2538ED1C3383EF00C69A89 /* pinyin.h */ = {isa = PBXFileReference; fileEncoding = 4; lastKnownFileType = sourcecode.c.h; path = pinyin.h; sourceTree = "<group>"; };
		7C2538F41C33B82F00C69A89 /* GRMessagesViewController.h */ = {isa = PBXFileReference; fileEncoding = 4; lastKnownFileType = sourcecode.c.h; path = GRMessagesViewController.h; sourceTree = "<group>"; };
		7C2538F51C33B82F00C69A89 /* GRMessagesViewController.m */ = {isa = PBXFileReference; fileEncoding = 4; lastKnownFileType = sourcecode.c.objc; path = GRMessagesViewController.m; sourceTree = "<group>"; };
		7C2538F61C33B82F00C69A89 /* GRMessagesViewController.xib */ = {isa = PBXFileReference; fileEncoding = 4; lastKnownFileType = file.xib; path = GRMessagesViewController.xib; sourceTree = "<group>"; };
		7C2538F91C33B98F00C69A89 /* GRMessagesInputToolbar.h */ = {isa = PBXFileReference; fileEncoding = 4; lastKnownFileType = sourcecode.c.h; path = GRMessagesInputToolbar.h; sourceTree = "<group>"; };
		7C2538FA1C33B98F00C69A89 /* GRMessagesInputToolbar.m */ = {isa = PBXFileReference; fileEncoding = 4; lastKnownFileType = sourcecode.c.objc; path = GRMessagesInputToolbar.m; sourceTree = "<group>"; };
		7C2538FC1C33C6D500C69A89 /* GRMessagesCollectionViewFlowLayout.h */ = {isa = PBXFileReference; fileEncoding = 4; lastKnownFileType = sourcecode.c.h; path = GRMessagesCollectionViewFlowLayout.h; sourceTree = "<group>"; };
		7C2538FD1C33C6D500C69A89 /* GRMessagesCollectionViewFlowLayout.m */ = {isa = PBXFileReference; fileEncoding = 4; lastKnownFileType = sourcecode.c.objc; path = GRMessagesCollectionViewFlowLayout.m; sourceTree = "<group>"; };
		7C2538FF1C33C94900C69A89 /* GRMessagesInputToolbarContentView.h */ = {isa = PBXFileReference; fileEncoding = 4; lastKnownFileType = sourcecode.c.h; path = GRMessagesInputToolbarContentView.h; sourceTree = "<group>"; };
		7C2539001C33C94900C69A89 /* GRMessagesInputToolbarContentView.m */ = {isa = PBXFileReference; fileEncoding = 4; lastKnownFileType = sourcecode.c.objc; path = GRMessagesInputToolbarContentView.m; sourceTree = "<group>"; };
		7C2539041C33C9B200C69A89 /* GRMessagesInputToolbarContentView.xib */ = {isa = PBXFileReference; fileEncoding = 4; lastKnownFileType = file.xib; path = GRMessagesInputToolbarContentView.xib; sourceTree = "<group>"; };
		7C2700701C59B45F00F50470 /* UIImage+Thumbanail.h */ = {isa = PBXFileReference; fileEncoding = 4; lastKnownFileType = sourcecode.c.h; path = "UIImage+Thumbanail.h"; sourceTree = "<group>"; };
		7C2700711C59B46600F50470 /* UIImage+Thumbanail.m */ = {isa = PBXFileReference; fileEncoding = 4; lastKnownFileType = sourcecode.c.objc; path = "UIImage+Thumbanail.m"; sourceTree = "<group>"; };
		7C2700731C59B4E400F50470 /* SaveImage.m */ = {isa = PBXFileReference; fileEncoding = 4; lastKnownFileType = sourcecode.c.objc; name = SaveImage.m; path = pinyin/SaveImage.m; sourceTree = "<group>"; };
		7C2700751C59B4EB00F50470 /* SaveImage.h */ = {isa = PBXFileReference; fileEncoding = 4; lastKnownFileType = sourcecode.c.h; path = SaveImage.h; sourceTree = "<group>"; };
		7C2700761C59B50E00F50470 /* libsqlite3.0.tbd */ = {isa = PBXFileReference; lastKnownFileType = "sourcecode.text-based-dylib-definition"; name = libsqlite3.0.tbd; path = usr/lib/libsqlite3.0.tbd; sourceTree = SDKROOT; };
		7C9639121C45F5D200BA3511 /* GRMessasgesAvatarImage.h */ = {isa = PBXFileReference; fileEncoding = 4; lastKnownFileType = sourcecode.c.h; path = GRMessasgesAvatarImage.h; sourceTree = "<group>"; };
		7C9639131C45F5D200BA3511 /* GRMessasgesAvatarImage.m */ = {isa = PBXFileReference; fileEncoding = 4; lastKnownFileType = sourcecode.c.objc; path = GRMessasgesAvatarImage.m; sourceTree = "<group>"; };
		7C9639151C45FCC200BA3511 /* GRMessagesBubbleImage.h */ = {isa = PBXFileReference; fileEncoding = 4; lastKnownFileType = sourcecode.c.h; path = GRMessagesBubbleImage.h; sourceTree = "<group>"; };
		7C9639161C45FCC200BA3511 /* GRMessagesBubbleImage.m */ = {isa = PBXFileReference; fileEncoding = 4; lastKnownFileType = sourcecode.c.objc; path = GRMessagesBubbleImage.m; sourceTree = "<group>"; };
		7C9639181C46036100BA3511 /* GRMessagesImage.h */ = {isa = PBXFileReference; fileEncoding = 4; lastKnownFileType = sourcecode.c.h; path = GRMessagesImage.h; sourceTree = "<group>"; };
		7C9639191C46036100BA3511 /* GRMessagesImage.m */ = {isa = PBXFileReference; fileEncoding = 4; lastKnownFileType = sourcecode.c.objc; path = GRMessagesImage.m; sourceTree = "<group>"; };
		7C96391E1C4607E200BA3511 /* GRMessage.h */ = {isa = PBXFileReference; fileEncoding = 4; lastKnownFileType = sourcecode.c.h; path = GRMessage.h; sourceTree = "<group>"; };
		7C96391F1C4607E200BA3511 /* GRMessage.m */ = {isa = PBXFileReference; fileEncoding = 4; lastKnownFileType = sourcecode.c.objc; path = GRMessage.m; sourceTree = "<group>"; };
		7C9639241C460D5D00BA3511 /* GRMessagesMediaItem.h */ = {isa = PBXFileReference; fileEncoding = 4; lastKnownFileType = sourcecode.c.h; path = GRMessagesMediaItem.h; sourceTree = "<group>"; };
		7C9639251C460D5E00BA3511 /* GRMessagesMediaItem.m */ = {isa = PBXFileReference; fileEncoding = 4; lastKnownFileType = sourcecode.c.objc; path = GRMessagesMediaItem.m; sourceTree = "<group>"; };
		7C9639271C460D9100BA3511 /* GRMessagesPhotoMediaItem.h */ = {isa = PBXFileReference; fileEncoding = 4; lastKnownFileType = sourcecode.c.h; path = GRMessagesPhotoMediaItem.h; sourceTree = "<group>"; };
		7C9639281C460D9100BA3511 /* GRMessagesPhotoMediaItem.m */ = {isa = PBXFileReference; fileEncoding = 4; lastKnownFileType = sourcecode.c.objc; path = GRMessagesPhotoMediaItem.m; sourceTree = "<group>"; };
		7C96392A1C460DC100BA3511 /* GRMessagesVideoMediaItem.h */ = {isa = PBXFileReference; fileEncoding = 4; lastKnownFileType = sourcecode.c.h; path = GRMessagesVideoMediaItem.h; sourceTree = "<group>"; };
		7C96392B1C460DC100BA3511 /* GRMessagesVideoMediaItem.m */ = {isa = PBXFileReference; fileEncoding = 4; lastKnownFileType = sourcecode.c.objc; path = GRMessagesVideoMediaItem.m; sourceTree = "<group>"; };
		7C96392D1C460DE500BA3511 /* GRMessagesAudioMedialtem.h */ = {isa = PBXFileReference; fileEncoding = 4; lastKnownFileType = sourcecode.c.h; path = GRMessagesAudioMedialtem.h; sourceTree = "<group>"; };
		7C96392E1C460DE500BA3511 /* GRMessagesAudioMedialtem.m */ = {isa = PBXFileReference; fileEncoding = 4; lastKnownFileType = sourcecode.c.objc; path = GRMessagesAudioMedialtem.m; sourceTree = "<group>"; };
		7C9639301C460E1100BA3511 /* GRMessagesLocationMediaItem.h */ = {isa = PBXFileReference; fileEncoding = 4; lastKnownFileType = sourcecode.c.h; path = GRMessagesLocationMediaItem.h; sourceTree = "<group>"; };
		7C9639311C460E1100BA3511 /* GRMessagesLocationMediaItem.m */ = {isa = PBXFileReference; fileEncoding = 4; lastKnownFileType = sourcecode.c.objc; path = GRMessagesLocationMediaItem.m; sourceTree = "<group>"; };
		7C9639331C460E2D00BA3511 /* GRMessagesFileMediaItem.h */ = {isa = PBXFileReference; fileEncoding = 4; lastKnownFileType = sourcecode.c.h; path = GRMessagesFileMediaItem.h; sourceTree = "<group>"; };
		7C9639341C460E2D00BA3511 /* GRMessagesFileMediaItem.m */ = {isa = PBXFileReference; fileEncoding = 4; lastKnownFileType = sourcecode.c.objc; path = GRMessagesFileMediaItem.m; sourceTree = "<group>"; };
		7C9639361C460F2600BA3511 /* GRMessagesMediaData.h */ = {isa = PBXFileReference; fileEncoding = 4; lastKnownFileType = sourcecode.c.h; path = GRMessagesMediaData.h; sourceTree = "<group>"; };
		7CA444BE1C4644FD0052905B /* GRMessagesMediaPlaceholderView.h */ = {isa = PBXFileReference; fileEncoding = 4; lastKnownFileType = sourcecode.c.h; path = GRMessagesMediaPlaceholderView.h; sourceTree = "<group>"; };
		7CA444BF1C4644FD0052905B /* GRMessagesMediaPlaceholderView.m */ = {isa = PBXFileReference; fileEncoding = 4; lastKnownFileType = sourcecode.c.objc; path = GRMessagesMediaPlaceholderView.m; sourceTree = "<group>"; };
		7CA444C11C465F9C0052905B /* GRMessagesOptions.h */ = {isa = PBXFileReference; fileEncoding = 4; lastKnownFileType = sourcecode.c.h; path = GRMessagesOptions.h; sourceTree = "<group>"; };
		7CB853AC1C3A9F4500BE417F /* NSBundle+GRMessages.h */ = {isa = PBXFileReference; fileEncoding = 4; lastKnownFileType = sourcecode.c.h; path = "NSBundle+GRMessages.h"; sourceTree = "<group>"; };
		7CB853AD1C3A9F4500BE417F /* NSBundle+GRMessages.m */ = {isa = PBXFileReference; fileEncoding = 4; lastKnownFileType = sourcecode.c.objc; path = "NSBundle+GRMessages.m"; sourceTree = "<group>"; };
		7CB853F51C3B67FC00BE417F /* GRMessagesAssets.bundle */ = {isa = PBXFileReference; lastKnownFileType = "wrapper.plug-in"; path = GRMessagesAssets.bundle; sourceTree = "<group>"; };
		7CB853F71C3B941D00BE417F /* UIImage+GRMessages.h */ = {isa = PBXFileReference; fileEncoding = 4; lastKnownFileType = sourcecode.c.h; path = "UIImage+GRMessages.h"; sourceTree = "<group>"; };
		7CB853F81C3B941D00BE417F /* UIImage+GRMessages.m */ = {isa = PBXFileReference; fileEncoding = 4; lastKnownFileType = sourcecode.c.objc; path = "UIImage+GRMessages.m"; sourceTree = "<group>"; };
		7CB853FA1C3BA9CD00BE417F /* UIColor+GRMessages.h */ = {isa = PBXFileReference; fileEncoding = 4; lastKnownFileType = sourcecode.c.h; path = "UIColor+GRMessages.h"; sourceTree = "<group>"; };
		7CB853FB1C3BA9CD00BE417F /* UIColor+GRMessages.m */ = {isa = PBXFileReference; fileEncoding = 4; lastKnownFileType = sourcecode.c.objc; path = "UIColor+GRMessages.m"; sourceTree = "<group>"; };
		7CB853FD1C3BE65900BE417F /* UIDevice+GRMessages.h */ = {isa = PBXFileReference; fileEncoding = 4; lastKnownFileType = sourcecode.c.h; path = "UIDevice+GRMessages.h"; sourceTree = "<group>"; };
		7CB853FE1C3BE65900BE417F /* UIDevice+GRMessages.m */ = {isa = PBXFileReference; fileEncoding = 4; lastKnownFileType = sourcecode.c.objc; path = "UIDevice+GRMessages.m"; sourceTree = "<group>"; };
		7CDD82221C439D4A0059D2EA /* GRMessagesInputToolbarButtonFactroy.h */ = {isa = PBXFileReference; fileEncoding = 4; lastKnownFileType = sourcecode.c.h; path = GRMessagesInputToolbarButtonFactroy.h; sourceTree = "<group>"; };
		7CDD82231C439D4A0059D2EA /* GRMessagesInputToolbarButtonFactroy.m */ = {isa = PBXFileReference; fileEncoding = 4; lastKnownFileType = sourcecode.c.objc; path = GRMessagesInputToolbarButtonFactroy.m; sourceTree = "<group>"; };
		7CDD82251C43B7EB0059D2EA /* GRMessagesSlideView.h */ = {isa = PBXFileReference; fileEncoding = 4; lastKnownFileType = sourcecode.c.h; path = GRMessagesSlideView.h; sourceTree = "<group>"; };
		7CDD82261C43B7EB0059D2EA /* GRMessagesSlideView.m */ = {isa = PBXFileReference; fileEncoding = 4; lastKnownFileType = sourcecode.c.objc; path = GRMessagesSlideView.m; sourceTree = "<group>"; };
		7CDD82281C43B80A0059D2EA /* GRMessagesGarbageView.h */ = {isa = PBXFileReference; fileEncoding = 4; lastKnownFileType = sourcecode.c.h; path = GRMessagesGarbageView.h; sourceTree = "<group>"; };
		7CDD82291C43B80A0059D2EA /* GRMessagesGarbageView.m */ = {isa = PBXFileReference; fileEncoding = 4; lastKnownFileType = sourcecode.c.objc; path = GRMessagesGarbageView.m; sourceTree = "<group>"; };
		7CDD822C1C44DAE80059D2EA /* FBShimmering.h */ = {isa = PBXFileReference; fileEncoding = 4; lastKnownFileType = sourcecode.c.h; path = FBShimmering.h; sourceTree = "<group>"; };
		7CDD822D1C44DAE80059D2EA /* FBShimmeringLayer.h */ = {isa = PBXFileReference; fileEncoding = 4; lastKnownFileType = sourcecode.c.h; path = FBShimmeringLayer.h; sourceTree = "<group>"; };
		7CDD822E1C44DAE80059D2EA /* FBShimmeringLayer.m */ = {isa = PBXFileReference; fileEncoding = 4; lastKnownFileType = sourcecode.c.objc; path = FBShimmeringLayer.m; sourceTree = "<group>"; };
		7CDD822F1C44DAE80059D2EA /* FBShimmeringView.h */ = {isa = PBXFileReference; fileEncoding = 4; lastKnownFileType = sourcecode.c.h; path = FBShimmeringView.h; sourceTree = "<group>"; };
		7CDD82301C44DAE80059D2EA /* FBShimmeringView.m */ = {isa = PBXFileReference; fileEncoding = 4; lastKnownFileType = sourcecode.c.objc; path = FBShimmeringView.m; sourceTree = "<group>"; };
		7CDD82331C44EBEF0059D2EA /* GRMessagesMacro.h */ = {isa = PBXFileReference; fileEncoding = 4; lastKnownFileType = sourcecode.c.h; path = GRMessagesMacro.h; sourceTree = "<group>"; };
		7CDD82341C45E9430059D2EA /* GRMessagesAvatarImageFactory.h */ = {isa = PBXFileReference; fileEncoding = 4; lastKnownFileType = sourcecode.c.h; path = GRMessagesAvatarImageFactory.h; sourceTree = "<group>"; };
		7CDD82351C45E9430059D2EA /* GRMessagesAvatarImageFactory.m */ = {isa = PBXFileReference; fileEncoding = 4; lastKnownFileType = sourcecode.c.objc; path = GRMessagesAvatarImageFactory.m; sourceTree = "<group>"; };
		7CDD82371C45E95C0059D2EA /* GRMessagesBubbleImageFactory.h */ = {isa = PBXFileReference; fileEncoding = 4; lastKnownFileType = sourcecode.c.h; path = GRMessagesBubbleImageFactory.h; sourceTree = "<group>"; };
		7CDD82381C45E95C0059D2EA /* GRMessagesBubbleImageFactory.m */ = {isa = PBXFileReference; fileEncoding = 4; lastKnownFileType = sourcecode.c.objc; path = GRMessagesBubbleImageFactory.m; sourceTree = "<group>"; };
		7CDD823A1C45E9D10059D2EA /* GRMessagesMediaViewBubbleImageFaker.h */ = {isa = PBXFileReference; fileEncoding = 4; lastKnownFileType = sourcecode.c.h; path = GRMessagesMediaViewBubbleImageFaker.h; sourceTree = "<group>"; };
		7CDD823B1C45E9D10059D2EA /* GRMessagesMediaViewBubbleImageFaker.m */ = {isa = PBXFileReference; fileEncoding = 4; lastKnownFileType = sourcecode.c.objc; path = GRMessagesMediaViewBubbleImageFaker.m; sourceTree = "<group>"; };
		7CDD823D1C45E9F10059D2EA /* GRMessagesTimestampFormatter.h */ = {isa = PBXFileReference; fileEncoding = 4; lastKnownFileType = sourcecode.c.h; path = GRMessagesTimestampFormatter.h; sourceTree = "<group>"; };
		7CDD823E1C45E9F10059D2EA /* GRMessagesTimestampFormatter.m */ = {isa = PBXFileReference; fileEncoding = 4; lastKnownFileType = sourcecode.c.objc; path = GRMessagesTimestampFormatter.m; sourceTree = "<group>"; };
		7CDD82401C45F1AA0059D2EA /* GRMessagesAvatarImageDataSource.h */ = {isa = PBXFileReference; fileEncoding = 4; lastKnownFileType = sourcecode.c.h; path = GRMessagesAvatarImageDataSource.h; sourceTree = "<group>"; };
		7CDD82411C45F1D30059D2EA /* GRMessagesBubbleImageDataSource.h */ = {isa = PBXFileReference; fileEncoding = 4; lastKnownFileType = sourcecode.c.h; path = GRMessagesBubbleImageDataSource.h; sourceTree = "<group>"; };
		7CDD82421C45F1FE0059D2EA /* GRMessagesCollectionViewDataSource.h */ = {isa = PBXFileReference; fileEncoding = 4; lastKnownFileType = sourcecode.c.h; path = GRMessagesCollectionViewDataSource.h; sourceTree = "<group>"; };
		7CDD82431C45F2AD0059D2EA /* GRMessagesData.h */ = {isa = PBXFileReference; fileEncoding = 4; lastKnownFileType = sourcecode.c.h; path = GRMessagesData.h; sourceTree = "<group>"; };
		7CDD82451C45F4F60059D2EA /* GRMessagesCollectionView.h */ = {isa = PBXFileReference; fileEncoding = 4; lastKnownFileType = sourcecode.c.h; path = GRMessagesCollectionView.h; sourceTree = "<group>"; };
		7CDD82461C45F4F60059D2EA /* GRMessagesCollectionView.m */ = {isa = PBXFileReference; fileEncoding = 4; lastKnownFileType = sourcecode.c.objc; path = GRMessagesCollectionView.m; sourceTree = "<group>"; };
		7CDED0451C4CD3E8004059BA /* GRMessagesCollectionViewDelegateFlowLayout.h */ = {isa = PBXFileReference; fileEncoding = 4; lastKnownFileType = sourcecode.c.h; path = GRMessagesCollectionViewDelegateFlowLayout.h; sourceTree = "<group>"; };
		7CDED0461C4CD54D004059BA /* GRMessagesLoadEarlierHeaderView.h */ = {isa = PBXFileReference; fileEncoding = 4; lastKnownFileType = sourcecode.c.h; path = GRMessagesLoadEarlierHeaderView.h; sourceTree = "<group>"; };
		7CDED0471C4CD54D004059BA /* GRMessagesLoadEarlierHeaderView.m */ = {isa = PBXFileReference; fileEncoding = 4; lastKnownFileType = sourcecode.c.objc; path = GRMessagesLoadEarlierHeaderView.m; sourceTree = "<group>"; };
		7CDED0491C4CD570004059BA /* GRMessagesLoadEarlierHeaderView.xib */ = {isa = PBXFileReference; fileEncoding = 4; lastKnownFileType = file.xib; path = GRMessagesLoadEarlierHeaderView.xib; sourceTree = "<group>"; };
		7CDED04B1C4CDD82004059BA /* GRMessagesIndicatorIncomingView.xib */ = {isa = PBXFileReference; fileEncoding = 4; lastKnownFileType = file.xib; path = GRMessagesIndicatorIncomingView.xib; sourceTree = "<group>"; };
		7CDED04D1C4CDE0E004059BA /* GRMessagesIndicatorIncomingView.h */ = {isa = PBXFileReference; fileEncoding = 4; lastKnownFileType = sourcecode.c.h; path = GRMessagesIndicatorIncomingView.h; sourceTree = "<group>"; };
		7CDED04E1C4CDE0E004059BA /* GRMessagesIndicatorIncomingView.m */ = {isa = PBXFileReference; fileEncoding = 4; lastKnownFileType = sourcecode.c.objc; path = GRMessagesIndicatorIncomingView.m; sourceTree = "<group>"; };
		7CDED0501C4CDED3004059BA /* GRMessagesCollectionViewCell.h */ = {isa = PBXFileReference; fileEncoding = 4; lastKnownFileType = sourcecode.c.h; path = GRMessagesCollectionViewCell.h; sourceTree = "<group>"; };
		7CDED0511C4CDED3004059BA /* GRMessagesCollectionViewCell.m */ = {isa = PBXFileReference; fileEncoding = 4; lastKnownFileType = sourcecode.c.objc; path = GRMessagesCollectionViewCell.m; sourceTree = "<group>"; };
		7CDED0531C4CE331004059BA /* GRMessagesCollectionViewCellIncoming.h */ = {isa = PBXFileReference; fileEncoding = 4; lastKnownFileType = sourcecode.c.h; path = GRMessagesCollectionViewCellIncoming.h; sourceTree = "<group>"; };
		7CDED0541C4CE331004059BA /* GRMessagesCollectionViewCellIncoming.m */ = {isa = PBXFileReference; fileEncoding = 4; lastKnownFileType = sourcecode.c.objc; path = GRMessagesCollectionViewCellIncoming.m; sourceTree = "<group>"; };
		7CDED0581C4CE348004059BA /* GRMessagesCollectionViewCellOutgoing.h */ = {isa = PBXFileReference; fileEncoding = 4; lastKnownFileType = sourcecode.c.h; path = GRMessagesCollectionViewCellOutgoing.h; sourceTree = "<group>"; };
		7CDED0591C4CE348004059BA /* GRMessagesCollectionViewCellOutgoing.m */ = {isa = PBXFileReference; fileEncoding = 4; lastKnownFileType = sourcecode.c.objc; path = GRMessagesCollectionViewCellOutgoing.m; sourceTree = "<group>"; };
		7CDED05D1C4CE3CC004059BA /* GRMessagesLabel.h */ = {isa = PBXFileReference; fileEncoding = 4; lastKnownFileType = sourcecode.c.h; path = GRMessagesLabel.h; sourceTree = "<group>"; };
		7CDED05E1C4CE3CC004059BA /* GRMessagesLabel.m */ = {isa = PBXFileReference; fileEncoding = 4; lastKnownFileType = sourcecode.c.objc; path = GRMessagesLabel.m; sourceTree = "<group>"; };
		7CDED0601C4CE417004059BA /* GRMessagesCellTextView.h */ = {isa = PBXFileReference; fileEncoding = 4; lastKnownFileType = sourcecode.c.h; path = GRMessagesCellTextView.h; sourceTree = "<group>"; };
		7CDED0611C4CE417004059BA /* GRMessagesCellTextView.m */ = {isa = PBXFileReference; fileEncoding = 4; lastKnownFileType = sourcecode.c.objc; path = GRMessagesCellTextView.m; sourceTree = "<group>"; };
		7CDED0631C4CEC4B004059BA /* GRMessagesCollectionViewCellIncoming.xib */ = {isa = PBXFileReference; fileEncoding = 4; lastKnownFileType = file.xib; path = GRMessagesCollectionViewCellIncoming.xib; sourceTree = "<group>"; };
		7CDED0651C4CEC65004059BA /* GRMessagesCollectionViewCellOutgoing.xib */ = {isa = PBXFileReference; fileEncoding = 4; lastKnownFileType = file.xib; path = GRMessagesCollectionViewCellOutgoing.xib; sourceTree = "<group>"; };
		7CE7B81C1C3A87CD003A072B /* NSUserDefaults+GRMessages.h */ = {isa = PBXFileReference; fileEncoding = 4; lastKnownFileType = sourcecode.c.h; path = "NSUserDefaults+GRMessages.h"; sourceTree = "<group>"; };
		7CE7B81D1C3A87CD003A072B /* NSUserDefaults+GRMessages.m */ = {isa = PBXFileReference; fileEncoding = 4; lastKnownFileType = sourcecode.c.objc; path = "NSUserDefaults+GRMessages.m"; sourceTree = "<group>"; };
		7CE7B81F1C3A880A003A072B /* GRMessagsAudioServicesPlaySystemSound+GRMessages.h */ = {isa = PBXFileReference; fileEncoding = 4; lastKnownFileType = sourcecode.c.h; path = "GRMessagsAudioServicesPlaySystemSound+GRMessages.h"; sourceTree = "<group>"; };
		7CE7B8201C3A880A003A072B /* GRMessagsAudioServicesPlaySystemSound+GRMessages.m */ = {isa = PBXFileReference; fileEncoding = 4; lastKnownFileType = sourcecode.c.objc; path = "GRMessagsAudioServicesPlaySystemSound+GRMessages.m"; sourceTree = "<group>"; };
		7CEF62C11C3A10C4009D9F9D /* GRMessagsAudioServicesPlaySystemSound.h */ = {isa = PBXFileReference; fileEncoding = 4; lastKnownFileType = sourcecode.c.h; path = GRMessagsAudioServicesPlaySystemSound.h; sourceTree = "<group>"; };
		7CEF62C21C3A10C4009D9F9D /* GRMessagsAudioServicesPlaySystemSound.m */ = {isa = PBXFileReference; fileEncoding = 4; lastKnownFileType = sourcecode.c.objc; path = GRMessagsAudioServicesPlaySystemSound.m; sourceTree = "<group>"; };
		7CEF62C51C3A112B009D9F9D /* UIKit.framework */ = {isa = PBXFileReference; lastKnownFileType = wrapper.framework; name = UIKit.framework; path = System/Library/Frameworks/UIKit.framework; sourceTree = SDKROOT; };
		7CEF62C71C3A113C009D9F9D /* Foundation.framework */ = {isa = PBXFileReference; lastKnownFileType = wrapper.framework; name = Foundation.framework; path = System/Library/Frameworks/Foundation.framework; sourceTree = SDKROOT; };
		7CEF62C91C3A1152009D9F9D /* AudioToolbox.framework */ = {isa = PBXFileReference; lastKnownFileType = wrapper.framework; name = AudioToolbox.framework; path = System/Library/Frameworks/AudioToolbox.framework; sourceTree = SDKROOT; };
/* End PBXFileReference section */

/* Begin PBXFrameworksBuildPhase section */
		7C2538A51C3370CE00C69A89 /* Frameworks */ = {
			isa = PBXFrameworksBuildPhase;
			buildActionMask = 2147483647;
			files = (
				7C2700771C59B50E00F50470 /* libsqlite3.0.tbd in Frameworks */,
				7CEF62CA1C3A1152009D9F9D /* AudioToolbox.framework in Frameworks */,
				7CEF62C81C3A113C009D9F9D /* Foundation.framework in Frameworks */,
				7CEF62C61C3A112B009D9F9D /* UIKit.framework in Frameworks */,
			);
			runOnlyForDeploymentPostprocessing = 0;
		};
/* End PBXFrameworksBuildPhase section */

/* Begin PBXGroup section */
		7C25389F1C3370CE00C69A89 = {
			isa = PBXGroup;
			children = (
				7C2538AA1C3370CE00C69A89 /* GRMessages */,
				7C2538A91C3370CE00C69A89 /* Products */,
			);
			sourceTree = "<group>";
		};
		7C2538A91C3370CE00C69A89 /* Products */ = {
			isa = PBXGroup;
			children = (
				7C2538A81C3370CE00C69A89 /* GRMessages.app */,
			);
			name = Products;
			sourceTree = "<group>";
		};
		7C2538AA1C3370CE00C69A89 /* GRMessages */ = {
			isa = PBXGroup;
			children = (
				7C2538CC1C33797600C69A89 /* GRMessagesCategories */,
				7C2538CD1C33797600C69A89 /* GRMessagesCommon */,
				7C2538CE1C33797600C69A89 /* GRMessagesControllers */,
				7C2538CF1C33797600C69A89 /* GRMessagesDemo */,
				7C2538D41C33797600C69A89 /* GRMessagesFactories */,
				7C2538D51C33797600C69A89 /* GRMessagesFrameworks */,
				7C2538D61C33797600C69A89 /* GRMessagesLayout */,
				7C2538D71C33797600C69A89 /* GRMessagesModel */,
				7C2538D81C33797600C69A89 /* GRMessagesResource */,
				7C2538D91C33797600C69A89 /* GRMessagesViews */,
				7C2538B71C3370CE00C69A89 /* Assets.xcassets */,
				7C2538B91C3370CE00C69A89 /* LaunchScreen.storyboard */,
				7C2538BC1C3370CE00C69A89 /* Info.plist */,
				7C2538AB1C3370CE00C69A89 /* Supporting Files */,
			);
			path = GRMessages;
			sourceTree = "<group>";
		};
		7C2538AB1C3370CE00C69A89 /* Supporting Files */ = {
			isa = PBXGroup;
			children = (
				7C2538AC1C3370CE00C69A89 /* main.m */,
			);
			name = "Supporting Files";
			sourceTree = "<group>";
		};
		7C2538CC1C33797600C69A89 /* GRMessagesCategories */ = {
			isa = PBXGroup;
			children = (
				7C2538E31C3383DF00C69A89 /* Nsstring+Extensions */,
				7C2538E61C3383DF00C69A89 /* UIColor+Hex */,
				7C07BBAD1C352D970060404A /* UIView+InputToolbarContentViewLayoutEdge.h */,
				7C2700701C59B45F00F50470 /* UIImage+Thumbanail.h */,
				7C2700711C59B46600F50470 /* UIImage+Thumbanail.m */,
				7C07BBAE1C352D970060404A /* UIView+InputToolbarContentViewLayoutEdge.m */,
				7CE7B81C1C3A87CD003A072B /* NSUserDefaults+GRMessages.h */,
				7CE7B81D1C3A87CD003A072B /* NSUserDefaults+GRMessages.m */,
				7CE7B81F1C3A880A003A072B /* GRMessagsAudioServicesPlaySystemSound+GRMessages.h */,
				7CE7B8201C3A880A003A072B /* GRMessagsAudioServicesPlaySystemSound+GRMessages.m */,
				7CB853AC1C3A9F4500BE417F /* NSBundle+GRMessages.h */,
				7CB853AD1C3A9F4500BE417F /* NSBundle+GRMessages.m */,
				7CB853F71C3B941D00BE417F /* UIImage+GRMessages.h */,
				7CB853F81C3B941D00BE417F /* UIImage+GRMessages.m */,
				7CB853FA1C3BA9CD00BE417F /* UIColor+GRMessages.h */,
				7CB853FB1C3BA9CD00BE417F /* UIColor+GRMessages.m */,
				7CB853FD1C3BE65900BE417F /* UIDevice+GRMessages.h */,
				7CB853FE1C3BE65900BE417F /* UIDevice+GRMessages.m */,
			);
			path = GRMessagesCategories;
			sourceTree = "<group>";
		};
		7C2538CD1C33797600C69A89 /* GRMessagesCommon */ = {
			isa = PBXGroup;
			children = (
				7CDD822B1C44DAE80059D2EA /* FBShimmering */,
				7C2538EB1C3383EF00C69A89 /* pinyin */,
				7C2538E21C3382E500C69A89 /* Singleton.h */,
				7C2700751C59B4EB00F50470 /* SaveImage.h */,
				7C2700731C59B4E400F50470 /* SaveImage.m */,
				7CEF62C11C3A10C4009D9F9D /* GRMessagsAudioServicesPlaySystemSound.h */,
				7CEF62C21C3A10C4009D9F9D /* GRMessagsAudioServicesPlaySystemSound.m */,
				7CDD82331C44EBEF0059D2EA /* GRMessagesMacro.h */,
			);
			path = GRMessagesCommon;
			sourceTree = "<group>";
		};
		7C2538CE1C33797600C69A89 /* GRMessagesControllers */ = {
			isa = PBXGroup;
			children = (
				7C2538F41C33B82F00C69A89 /* GRMessagesViewController.h */,
				7C2538F51C33B82F00C69A89 /* GRMessagesViewController.m */,
				7C2538F61C33B82F00C69A89 /* GRMessagesViewController.xib */,
			);
			path = GRMessagesControllers;
			sourceTree = "<group>";
		};
		7C2538CF1C33797600C69A89 /* GRMessagesDemo */ = {
			isa = PBXGroup;
			children = (
				7C2538D01C33797600C69A89 /* AppDelegate.h */,
				7C2538D11C33797600C69A89 /* AppDelegate.m */,
				7C2538DF1C33825600C69A89 /* DemoGRMessagesViewController.h */,
				7C2538E01C33825600C69A89 /* DemoGRMessagesViewController.m */,
			);
			path = GRMessagesDemo;
			sourceTree = "<group>";
		};
		7C2538D41C33797600C69A89 /* GRMessagesFactories */ = {
			isa = PBXGroup;
			children = (
				7CDD82221C439D4A0059D2EA /* GRMessagesInputToolbarButtonFactroy.h */,
				7CDD82231C439D4A0059D2EA /* GRMessagesInputToolbarButtonFactroy.m */,
				7CDD82341C45E9430059D2EA /* GRMessagesAvatarImageFactory.h */,
				7CDD82351C45E9430059D2EA /* GRMessagesAvatarImageFactory.m */,
				7CDD82371C45E95C0059D2EA /* GRMessagesBubbleImageFactory.h */,
				7CDD82381C45E95C0059D2EA /* GRMessagesBubbleImageFactory.m */,
				7CDD823A1C45E9D10059D2EA /* GRMessagesMediaViewBubbleImageFaker.h */,
				7CDD823B1C45E9D10059D2EA /* GRMessagesMediaViewBubbleImageFaker.m */,
				7CDD823D1C45E9F10059D2EA /* GRMessagesTimestampFormatter.h */,
				7CDD823E1C45E9F10059D2EA /* GRMessagesTimestampFormatter.m */,
			);
			path = GRMessagesFactories;
			sourceTree = "<group>";
		};
		7C2538D51C33797600C69A89 /* GRMessagesFrameworks */ = {
			isa = PBXGroup;
			children = (
				7CEF62C41C3A1102009D9F9D /* Frameworks */,
			);
			path = GRMessagesFrameworks;
			sourceTree = "<group>";
		};
		7C2538D61C33797600C69A89 /* GRMessagesLayout */ = {
			isa = PBXGroup;
			children = (
				7C2538FC1C33C6D500C69A89 /* GRMessagesCollectionViewFlowLayout.h */,
				7C2538FD1C33C6D500C69A89 /* GRMessagesCollectionViewFlowLayout.m */,
			);
			path = GRMessagesLayout;
			sourceTree = "<group>";
		};
		7C2538D71C33797600C69A89 /* GRMessagesModel */ = {
			isa = PBXGroup;
			children = (
				7CDD82401C45F1AA0059D2EA /* GRMessagesAvatarImageDataSource.h */,
				7CDD82411C45F1D30059D2EA /* GRMessagesBubbleImageDataSource.h */,
				7CDD82421C45F1FE0059D2EA /* GRMessagesCollectionViewDataSource.h */,
				7CDED0451C4CD3E8004059BA /* GRMessagesCollectionViewDelegateFlowLayout.h */,
				7CDD82431C45F2AD0059D2EA /* GRMessagesData.h */,
				7C9639361C460F2600BA3511 /* GRMessagesMediaData.h */,
				7C9639121C45F5D200BA3511 /* GRMessasgesAvatarImage.h */,
				7C9639131C45F5D200BA3511 /* GRMessasgesAvatarImage.m */,
				7C9639151C45FCC200BA3511 /* GRMessagesBubbleImage.h */,
				7C9639161C45FCC200BA3511 /* GRMessagesBubbleImage.m */,
				7C9639181C46036100BA3511 /* GRMessagesImage.h */,
				7C9639191C46036100BA3511 /* GRMessagesImage.m */,
				7C96391E1C4607E200BA3511 /* GRMessage.h */,
				7C96391F1C4607E200BA3511 /* GRMessage.m */,
				7C9639241C460D5D00BA3511 /* GRMessagesMediaItem.h */,
				7C9639251C460D5E00BA3511 /* GRMessagesMediaItem.m */,
				7C96392A1C460DC100BA3511 /* GRMessagesVideoMediaItem.h */,
				7C96392B1C460DC100BA3511 /* GRMessagesVideoMediaItem.m */,
				7C96392D1C460DE500BA3511 /* GRMessagesAudioMedialtem.h */,
				7C96392E1C460DE500BA3511 /* GRMessagesAudioMedialtem.m */,
				7C9639271C460D9100BA3511 /* GRMessagesPhotoMediaItem.h */,
				7C9639281C460D9100BA3511 /* GRMessagesPhotoMediaItem.m */,
				7C9639301C460E1100BA3511 /* GRMessagesLocationMediaItem.h */,
				7C9639311C460E1100BA3511 /* GRMessagesLocationMediaItem.m */,
				7C9639331C460E2D00BA3511 /* GRMessagesFileMediaItem.h */,
				7C9639341C460E2D00BA3511 /* GRMessagesFileMediaItem.m */,
				7CA444C11C465F9C0052905B /* GRMessagesOptions.h */,
			);
			path = GRMessagesModel;
			sourceTree = "<group>";
		};
		7C2538D81C33797600C69A89 /* GRMessagesResource */ = {
			isa = PBXGroup;
			children = (
				7CB853F51C3B67FC00BE417F /* GRMessagesAssets.bundle */,
			);
			path = GRMessagesResource;
			sourceTree = "<group>";
		};
		7C2538D91C33797600C69A89 /* GRMessagesViews */ = {
			isa = PBXGroup;
			children = (
				7C2538F91C33B98F00C69A89 /* GRMessagesInputToolbar.h */,
				7C2538FA1C33B98F00C69A89 /* GRMessagesInputToolbar.m */,
				7C2538FF1C33C94900C69A89 /* GRMessagesInputToolbarContentView.h */,
				7C2539001C33C94900C69A89 /* GRMessagesInputToolbarContentView.m */,
				7C2539041C33C9B200C69A89 /* GRMessagesInputToolbarContentView.xib */,
				7C07BBAA1C33DC440060404A /* GRMessagesTextView.h */,
				7C07BBAB1C33DC440060404A /* GRMessagesTextView.m */,
				7CDD82251C43B7EB0059D2EA /* GRMessagesSlideView.h */,
				7CDD82261C43B7EB0059D2EA /* GRMessagesSlideView.m */,
				7CDD82281C43B80A0059D2EA /* GRMessagesGarbageView.h */,
				7CDD82291C43B80A0059D2EA /* GRMessagesGarbageView.m */,
				7CDD82451C45F4F60059D2EA /* GRMessagesCollectionView.h */,
				7CDD82461C45F4F60059D2EA /* GRMessagesCollectionView.m */,
				7CA444BE1C4644FD0052905B /* GRMessagesMediaPlaceholderView.h */,
				7CA444BF1C4644FD0052905B /* GRMessagesMediaPlaceholderView.m */,
				7CDED0461C4CD54D004059BA /* GRMessagesLoadEarlierHeaderView.h */,
				7CDED0471C4CD54D004059BA /* GRMessagesLoadEarlierHeaderView.m */,
				7CDED0491C4CD570004059BA /* GRMessagesLoadEarlierHeaderView.xib */,
				7CDED04D1C4CDE0E004059BA /* GRMessagesIndicatorIncomingView.h */,
				7CDED04E1C4CDE0E004059BA /* GRMessagesIndicatorIncomingView.m */,
				7CDED04B1C4CDD82004059BA /* GRMessagesIndicatorIncomingView.xib */,
				7CDED0501C4CDED3004059BA /* GRMessagesCollectionViewCell.h */,
				7CDED0511C4CDED3004059BA /* GRMessagesCollectionViewCell.m */,
				7CDED0531C4CE331004059BA /* GRMessagesCollectionViewCellIncoming.h */,
				7CDED0541C4CE331004059BA /* GRMessagesCollectionViewCellIncoming.m */,
				7CDED0631C4CEC4B004059BA /* GRMessagesCollectionViewCellIncoming.xib */,
				7CDED0581C4CE348004059BA /* GRMessagesCollectionViewCellOutgoing.h */,
				7CDED0591C4CE348004059BA /* GRMessagesCollectionViewCellOutgoing.m */,
				7CDED0651C4CEC65004059BA /* GRMessagesCollectionViewCellOutgoing.xib */,
				7CDED05D1C4CE3CC004059BA /* GRMessagesLabel.h */,
				7CDED05E1C4CE3CC004059BA /* GRMessagesLabel.m */,
				7CDED0601C4CE417004059BA /* GRMessagesCellTextView.h */,
				7CDED0611C4CE417004059BA /* GRMessagesCellTextView.m */,
			);
			path = GRMessagesViews;
			sourceTree = "<group>";
		};
		7C2538E31C3383DF00C69A89 /* Nsstring+Extensions */ = {
			isa = PBXGroup;
			children = (
				7C2538E41C3383DF00C69A89 /* NSString+Extensions.h */,
				7C2538E51C3383DF00C69A89 /* NSString+Extensions.m */,
			);
			path = "Nsstring+Extensions";
			sourceTree = "<group>";
		};
		7C2538E61C3383DF00C69A89 /* UIColor+Hex */ = {
			isa = PBXGroup;
			children = (
				7C2538E71C3383DF00C69A89 /* UIColor+Hex.h */,
				7C2538E81C3383DF00C69A89 /* UIColor+Hex.m */,
			);
			path = "UIColor+Hex";
			sourceTree = "<group>";
		};
		7C2538EB1C3383EF00C69A89 /* pinyin */ = {
			isa = PBXGroup;
			children = (
				7C2538EC1C3383EF00C69A89 /* pinyin.c */,
				7C2538ED1C3383EF00C69A89 /* pinyin.h */,
			);
			path = pinyin;
			sourceTree = "<group>";
		};
		7CDD822B1C44DAE80059D2EA /* FBShimmering */ = {
			isa = PBXGroup;
			children = (
				7CDD822C1C44DAE80059D2EA /* FBShimmering.h */,
				7CDD822D1C44DAE80059D2EA /* FBShimmeringLayer.h */,
				7CDD822E1C44DAE80059D2EA /* FBShimmeringLayer.m */,
				7CDD822F1C44DAE80059D2EA /* FBShimmeringView.h */,
				7CDD82301C44DAE80059D2EA /* FBShimmeringView.m */,
			);
			path = FBShimmering;
			sourceTree = "<group>";
		};
		7CEF62C41C3A1102009D9F9D /* Frameworks */ = {
			isa = PBXGroup;
			children = (
				7C2700761C59B50E00F50470 /* libsqlite3.0.tbd */,
				7CEF62C91C3A1152009D9F9D /* AudioToolbox.framework */,
				7CEF62C71C3A113C009D9F9D /* Foundation.framework */,
				7CEF62C51C3A112B009D9F9D /* UIKit.framework */,
			);
			name = Frameworks;
			path = ../Frameworks;
			sourceTree = "<group>";
		};
/* End PBXGroup section */

/* Begin PBXNativeTarget section */
		7C2538A71C3370CE00C69A89 /* GRMessages */ = {
			isa = PBXNativeTarget;
			buildConfigurationList = 7C2538BF1C3370CE00C69A89 /* Build configuration list for PBXNativeTarget "GRMessages" */;
			buildPhases = (
				7C2538A41C3370CE00C69A89 /* Sources */,
				7C2538A51C3370CE00C69A89 /* Frameworks */,
				7C2538A61C3370CE00C69A89 /* Resources */,
			);
			buildRules = (
			);
			dependencies = (
			);
			name = GRMessages;
			productName = GRMessages;
			productReference = 7C2538A81C3370CE00C69A89 /* GRMessages.app */;
			productType = "com.apple.product-type.application";
		};
/* End PBXNativeTarget section */

/* Begin PBXProject section */
		7C2538A01C3370CE00C69A89 /* Project object */ = {
			isa = PBXProject;
			attributes = {
				LastUpgradeCheck = 0720;
				ORGANIZATIONNAME = chengbin;
				TargetAttributes = {
					7C2538A71C3370CE00C69A89 = {
						CreatedOnToolsVersion = 7.2;
					};
				};
			};
			buildConfigurationList = 7C2538A31C3370CE00C69A89 /* Build configuration list for PBXProject "GRMessages" */;
			compatibilityVersion = "Xcode 3.2";
			developmentRegion = English;
			hasScannedForEncodings = 0;
			knownRegions = (
				en,
				Base,
				"zh-Hans",
			);
			mainGroup = 7C25389F1C3370CE00C69A89;
			productRefGroup = 7C2538A91C3370CE00C69A89 /* Products */;
			projectDirPath = "";
			projectRoot = "";
			targets = (
				7C2538A71C3370CE00C69A89 /* GRMessages */,
			);
		};
/* End PBXProject section */

/* Begin PBXResourcesBuildPhase section */
		7C2538A61C3370CE00C69A89 /* Resources */ = {
			isa = PBXResourcesBuildPhase;
			buildActionMask = 2147483647;
			files = (
				7C2539051C33C9B200C69A89 /* GRMessagesInputToolbarContentView.xib in Resources */,
				7C2538F81C33B82F00C69A89 /* GRMessagesViewController.xib in Resources */,
				7C2538BB1C3370CE00C69A89 /* LaunchScreen.storyboard in Resources */,
				7CDED04A1C4CD570004059BA /* GRMessagesLoadEarlierHeaderView.xib in Resources */,
				7CB853F61C3B67FC00BE417F /* GRMessagesAssets.bundle in Resources */,
				7CDED0641C4CEC4B004059BA /* GRMessagesCollectionViewCellIncoming.xib in Resources */,
				7CDED0661C4CEC65004059BA /* GRMessagesCollectionViewCellOutgoing.xib in Resources */,
				7CDED04C1C4CDD82004059BA /* GRMessagesIndicatorIncomingView.xib in Resources */,
				7C2538B81C3370CE00C69A89 /* Assets.xcassets in Resources */,
			);
			runOnlyForDeploymentPostprocessing = 0;
		};
/* End PBXResourcesBuildPhase section */

/* Begin PBXSourcesBuildPhase section */
		7C2538A41C3370CE00C69A89 /* Sources */ = {
			isa = PBXSourcesBuildPhase;
			buildActionMask = 2147483647;
			files = (
				7C2700721C59B46600F50470 /* UIImage+Thumbanail.m in Sources */,
				7C96391A1C46036100BA3511 /* GRMessagesImage.m in Sources */,
				7CDD82241C439D4A0059D2EA /* GRMessagesInputToolbarButtonFactroy.m in Sources */,
				7C2538EE1C3383EF00C69A89 /* pinyin.c in Sources */,
				7CDED0521C4CDED3004059BA /* GRMessagesCollectionViewCell.m in Sources */,
				7C9639201C4607E200BA3511 /* GRMessage.m in Sources */,
				7CDD82361C45E9430059D2EA /* GRMessagesAvatarImageFactory.m in Sources */,
				7CE7B8211C3A880A003A072B /* GRMessagsAudioServicesPlaySystemSound+GRMessages.m in Sources */,
				7CDED05B1C4CE348004059BA /* GRMessagesCollectionViewCellOutgoing.m in Sources */,
				7CDED0481C4CD54D004059BA /* GRMessagesLoadEarlierHeaderView.m in Sources */,
				7CDED04F1C4CDE0E004059BA /* GRMessagesIndicatorIncomingView.m in Sources */,
				7CDD823C1C45E9D10059D2EA /* GRMessagesMediaViewBubbleImageFaker.m in Sources */,
				7CDD82471C45F4F60059D2EA /* GRMessagesCollectionView.m in Sources */,
				7C9639171C45FCC200BA3511 /* GRMessagesBubbleImage.m in Sources */,
				7C2538DA1C33797600C69A89 /* AppDelegate.m in Sources */,
				7C2539011C33C94900C69A89 /* GRMessagesInputToolbarContentView.m in Sources */,
				7C2538EA1C3383DF00C69A89 /* UIColor+Hex.m in Sources */,
				7C2700741C59B4E400F50470 /* SaveImage.m in Sources */,
				7C96392F1C460DE500BA3511 /* GRMessagesAudioMedialtem.m in Sources */,
				7CE7B81E1C3A87CD003A072B /* NSUserDefaults+GRMessages.m in Sources */,
				7CB853FC1C3BA9CD00BE417F /* UIColor+GRMessages.m in Sources */,
				7C9639321C460E1100BA3511 /* GRMessagesLocationMediaItem.m in Sources */,
				7CB853F91C3B941D00BE417F /* UIImage+GRMessages.m in Sources */,
				7CDD82271C43B7EB0059D2EA /* GRMessagesSlideView.m in Sources */,
				7CDED0621C4CE417004059BA /* GRMessagesCellTextView.m in Sources */,
				7C9639141C45F5D200BA3511 /* GRMessasgesAvatarImage.m in Sources */,
				7C2538AD1C3370CE00C69A89 /* main.m in Sources */,
				7CB853AE1C3A9F4500BE417F /* NSBundle+GRMessages.m in Sources */,
				7C07BBAF1C352D970060404A /* UIView+InputToolbarContentViewLayoutEdge.m in Sources */,
				7CDD822A1C43B80A0059D2EA /* GRMessagesGarbageView.m in Sources */,
				7C9639351C460E2D00BA3511 /* GRMessagesFileMediaItem.m in Sources */,
				7CDD82311C44DAE80059D2EA /* FBShimmeringLayer.m in Sources */,
				7CB853FF1C3BE65900BE417F /* UIDevice+GRMessages.m in Sources */,
				7CEF62C31C3A10C4009D9F9D /* GRMessagsAudioServicesPlaySystemSound.m in Sources */,
				7C96392C1C460DC100BA3511 /* GRMessagesVideoMediaItem.m in Sources */,
				7C2538F71C33B82F00C69A89 /* GRMessagesViewController.m in Sources */,
				7C2538E11C33825600C69A89 /* DemoGRMessagesViewController.m in Sources */,
				7CDED0561C4CE331004059BA /* GRMessagesCollectionViewCellIncoming.m in Sources */,
				7CDD82321C44DAE80059D2EA /* FBShimmeringView.m in Sources */,
				7CDD823F1C45E9F10059D2EA /* GRMessagesTimestampFormatter.m in Sources */,
				7C2538E91C3383DF00C69A89 /* NSString+Extensions.m in Sources */,
				7C9639291C460D9100BA3511 /* GRMessagesPhotoMediaItem.m in Sources */,
				7C2538FE1C33C6D500C69A89 /* GRMessagesCollectionViewFlowLayout.m in Sources */,
				7C9639261C460D5E00BA3511 /* GRMessagesMediaItem.m in Sources */,
				7CA444C01C4644FD0052905B /* GRMessagesMediaPlaceholderView.m in Sources */,
				7CDD82391C45E95C0059D2EA /* GRMessagesBubbleImageFactory.m in Sources */,
				7CDED05F1C4CE3CC004059BA /* GRMessagesLabel.m in Sources */,
				7C07BBAC1C33DC440060404A /* GRMessagesTextView.m in Sources */,
				7C2538FB1C33B98F00C69A89 /* GRMessagesInputToolbar.m in Sources */,
			);
			runOnlyForDeploymentPostprocessing = 0;
		};
/* End PBXSourcesBuildPhase section */

/* Begin PBXVariantGroup section */
		7C2538B91C3370CE00C69A89 /* LaunchScreen.storyboard */ = {
			isa = PBXVariantGroup;
			children = (
				7C2538BA1C3370CE00C69A89 /* Base */,
			);
			name = LaunchScreen.storyboard;
			sourceTree = "<group>";
		};
/* End PBXVariantGroup section */

/* Begin XCBuildConfiguration section */
		7C2538BD1C3370CE00C69A89 /* Debug */ = {
			isa = XCBuildConfiguration;
			buildSettings = {
				ALWAYS_SEARCH_USER_PATHS = NO;
				CLANG_CXX_LANGUAGE_STANDARD = "gnu++0x";
				CLANG_CXX_LIBRARY = "libc++";
				CLANG_ENABLE_MODULES = YES;
				CLANG_ENABLE_OBJC_ARC = YES;
				CLANG_WARN_BOOL_CONVERSION = YES;
				CLANG_WARN_CONSTANT_CONVERSION = YES;
				CLANG_WARN_DIRECT_OBJC_ISA_USAGE = YES_ERROR;
				CLANG_WARN_EMPTY_BODY = YES;
				CLANG_WARN_ENUM_CONVERSION = YES;
				CLANG_WARN_INT_CONVERSION = YES;
				CLANG_WARN_OBJC_ROOT_CLASS = YES_ERROR;
				CLANG_WARN_UNREACHABLE_CODE = YES;
				CLANG_WARN__DUPLICATE_METHOD_MATCH = YES;
				"CODE_SIGN_IDENTITY[sdk=iphoneos*]" = "iPhone Developer";
				COPY_PHASE_STRIP = NO;
				DEBUG_INFORMATION_FORMAT = dwarf;
				ENABLE_STRICT_OBJC_MSGSEND = YES;
				ENABLE_TESTABILITY = YES;
				GCC_C_LANGUAGE_STANDARD = gnu99;
				GCC_DYNAMIC_NO_PIC = NO;
				GCC_NO_COMMON_BLOCKS = YES;
				GCC_OPTIMIZATION_LEVEL = 0;
				GCC_PREPROCESSOR_DEFINITIONS = (
					"DEBUG=1",
					"$(inherited)",
				);
				GCC_WARN_64_TO_32_BIT_CONVERSION = YES;
				GCC_WARN_ABOUT_RETURN_TYPE = YES_ERROR;
				GCC_WARN_UNDECLARED_SELECTOR = YES;
				GCC_WARN_UNINITIALIZED_AUTOS = YES_AGGRESSIVE;
				GCC_WARN_UNUSED_FUNCTION = YES;
				GCC_WARN_UNUSED_VARIABLE = YES;
				IPHONEOS_DEPLOYMENT_TARGET = 9.2;
				MTL_ENABLE_DEBUG_INFO = YES;
				ONLY_ACTIVE_ARCH = YES;
				SDKROOT = iphoneos;
				TARGETED_DEVICE_FAMILY = "1,2";
			};
			name = Debug;
		};
		7C2538BE1C3370CE00C69A89 /* Release */ = {
			isa = XCBuildConfiguration;
			buildSettings = {
				ALWAYS_SEARCH_USER_PATHS = NO;
				CLANG_CXX_LANGUAGE_STANDARD = "gnu++0x";
				CLANG_CXX_LIBRARY = "libc++";
				CLANG_ENABLE_MODULES = YES;
				CLANG_ENABLE_OBJC_ARC = YES;
				CLANG_WARN_BOOL_CONVERSION = YES;
				CLANG_WARN_CONSTANT_CONVERSION = YES;
				CLANG_WARN_DIRECT_OBJC_ISA_USAGE = YES_ERROR;
				CLANG_WARN_EMPTY_BODY = YES;
				CLANG_WARN_ENUM_CONVERSION = YES;
				CLANG_WARN_INT_CONVERSION = YES;
				CLANG_WARN_OBJC_ROOT_CLASS = YES_ERROR;
				CLANG_WARN_UNREACHABLE_CODE = YES;
				CLANG_WARN__DUPLICATE_METHOD_MATCH = YES;
				"CODE_SIGN_IDENTITY[sdk=iphoneos*]" = "iPhone Developer";
				COPY_PHASE_STRIP = NO;
				DEBUG_INFORMATION_FORMAT = "dwarf-with-dsym";
				ENABLE_NS_ASSERTIONS = NO;
				ENABLE_STRICT_OBJC_MSGSEND = YES;
				GCC_C_LANGUAGE_STANDARD = gnu99;
				GCC_NO_COMMON_BLOCKS = YES;
				GCC_WARN_64_TO_32_BIT_CONVERSION = YES;
				GCC_WARN_ABOUT_RETURN_TYPE = YES_ERROR;
				GCC_WARN_UNDECLARED_SELECTOR = YES;
				GCC_WARN_UNINITIALIZED_AUTOS = YES_AGGRESSIVE;
				GCC_WARN_UNUSED_FUNCTION = YES;
				GCC_WARN_UNUSED_VARIABLE = YES;
				IPHONEOS_DEPLOYMENT_TARGET = 9.2;
				MTL_ENABLE_DEBUG_INFO = NO;
				SDKROOT = iphoneos;
				TARGETED_DEVICE_FAMILY = "1,2";
				VALIDATE_PRODUCT = YES;
			};
			name = Release;
		};
		7C2538C01C3370CE00C69A89 /* Debug */ = {
			isa = XCBuildConfiguration;
			buildSettings = {
				ASSETCATALOG_COMPILER_APPICON_NAME = AppIcon;
				CLANG_ENABLE_OBJC_ARC = YES;
				ENABLE_BITCODE = NO;
				INFOPLIST_FILE = GRMessages/Info.plist;
				IPHONEOS_DEPLOYMENT_TARGET = 7.1;
				LD_RUNPATH_SEARCH_PATHS = "$(inherited) @executable_path/Frameworks";
				PRODUCT_BUNDLE_IDENTIFIER = woodjobber.GRMessages;
				PRODUCT_NAME = "$(TARGET_NAME)";
			};
			name = Debug;
		};
		7C2538C11C3370CE00C69A89 /* Release */ = {
			isa = XCBuildConfiguration;
			buildSettings = {
				ASSETCATALOG_COMPILER_APPICON_NAME = AppIcon;
				CLANG_ENABLE_OBJC_ARC = YES;
				ENABLE_BITCODE = NO;
				INFOPLIST_FILE = GRMessages/Info.plist;
				IPHONEOS_DEPLOYMENT_TARGET = 7.1;
				LD_RUNPATH_SEARCH_PATHS = "$(inherited) @executable_path/Frameworks";
				PRODUCT_BUNDLE_IDENTIFIER = woodjobber.GRMessages;
				PRODUCT_NAME = "$(TARGET_NAME)";
			};
			name = Release;
		};
/* End XCBuildConfiguration section */

/* Begin XCConfigurationList section */
		7C2538A31C3370CE00C69A89 /* Build configuration list for PBXProject "GRMessages" */ = {
			isa = XCConfigurationList;
			buildConfigurations = (
				7C2538BD1C3370CE00C69A89 /* Debug */,
				7C2538BE1C3370CE00C69A89 /* Release */,
			);
			defaultConfigurationIsVisible = 0;
			defaultConfigurationName = Release;
		};
		7C2538BF1C3370CE00C69A89 /* Build configuration list for PBXNativeTarget "GRMessages" */ = {
			isa = XCConfigurationList;
			buildConfigurations = (
				7C2538C01C3370CE00C69A89 /* Debug */,
				7C2538C11C3370CE00C69A89 /* Release */,
			);
			defaultConfigurationIsVisible = 0;
			defaultConfigurationName = Release;
		};
/* End XCConfigurationList section */
	};
	rootObject = 7C2538A01C3370CE00C69A89 /* Project object */;
}
