// !$*UTF8*$!
{
	archiveVersion = 1;
	classes = {
	};
	objectVersion = 46;
	objects = {

/* Begin PBXBuildFile section */
		7C07BBAC1C33DC440060404A /* GRMessagesTextView.m in Sources */ = {isa = PBXBuildFile; fileRef = 7C07BBAB1C33DC440060404A /* GRMessagesTextView.m */; };
		7C07BBAF1C352D970060404A /* UIView+InputToolbarContentViewLayoutEdge.m in Sources */ = {isa = PBXBuildFile; fileRef = 7C07BBAE1C352D970060404A /* UIView+InputToolbarContentViewLayoutEdge.m */; };
		7C2538AD1C3370CE00C69A89 /* main.m in Sources */ = {isa = PBXBuildFile; fileRef = 7C2538AC1C3370CE00C69A89 /* main.m */; };
		7C2538B81C3370CE00C69A89 /* Assets.xcassets in Resources */ = {isa = PBXBuildFile; fileRef = 7C2538B71C3370CE00C69A89 /* Assets.xcassets */; };
		7C2538BB1C3370CE00C69A89 /* LaunchScreen.storyboard in Resources */ = {isa = PBXBuildFile; fileRef = 7C2538B91C3370CE00C69A89 /* LaunchScreen.storyboard */; };
		7C2538DA1C33797600C69A89 /* AppDelegate.m in Sources */ = {isa = PBXBuildFile; fileRef = 7C2538D11C33797600C69A89 /* AppDelegate.m */; };
		7C2538E11C33825600C69A89 /* DemoGRMessagesViewController.m in Sources */ = {isa = PBXBuildFile; fileRef = 7C2538E01C33825600C69A89 /* DemoGRMessagesViewController.m */; };
		7C2538E91C3383DF00C69A89 /* NSString+Extensions.m in Sources */ = {isa = PBXBuildFile; fileRef = 7C2538E51C3383DF00C69A89 /* NSString+Extensions.m */; };
		7C2538EA1C3383DF00C69A89 /* UIColor+Hex.m in Sources */ = {isa = PBXBuildFile; fileRef = 7C2538E81C3383DF00C69A89 /* UIColor+Hex.m */; };
		7C2538EE1C3383EF00C69A89 /* pinyin.c in Sources */ = {isa = PBXBuildFile; fileRef = 7C2538EC1C3383EF00C69A89 /* pinyin.c */; };
		7C2538F71C33B82F00C69A89 /* GRMessagesViewController.m in Sources */ = {isa = PBXBuildFile; fileRef = 7C2538F51C33B82F00C69A89 /* GRMessagesViewController.m */; };
		7C2538F81C33B82F00C69A89 /* GRMessagesViewController.xib in Resources */ = {isa = PBXBuildFile; fileRef = 7C2538F61C33B82F00C69A89 /* GRMessagesViewController.xib */; };
		7C2538FB1C33B98F00C69A89 /* GRMessagesInputToolbar.m in Sources */ = {isa = PBXBuildFile; fileRef = 7C2538FA1C33B98F00C69A89 /* GRMessagesInputToolbar.m */; };
		7C2538FE1C33C6D500C69A89 /* GRMessagesCollectionViewFlowLayout.m in Sources */ = {isa = PBXBuildFile; fileRef = 7C2538FD1C33C6D500C69A89 /* GRMessagesCollectionViewFlowLayout.m */; };
		7C2539011C33C94900C69A89 /* GRMessagesInputToolbarContentView.m in Sources */ = {isa = PBXBuildFile; fileRef = 7C2539001C33C94900C69A89 /* GRMessagesInputToolbarContentView.m */; };
		7C2539051C33C9B200C69A89 /* GRMessagesInputToolbarContentView.xib in Resources */ = {isa = PBXBuildFile; fileRef = 7C2539041C33C9B200C69A89 /* GRMessagesInputToolbarContentView.xib */; };
/* End PBXBuildFile section */

/* Begin PBXFileReference section */
		7C07BBAA1C33DC440060404A /* GRMessagesTextView.h */ = {isa = PBXFileReference; fileEncoding = 4; lastKnownFileType = sourcecode.c.h; path = GRMessagesTextView.h; sourceTree = "<group>"; };
		7C07BBAB1C33DC440060404A /* GRMessagesTextView.m */ = {isa = PBXFileReference; fileEncoding = 4; lastKnownFileType = sourcecode.c.objc; path = GRMessagesTextView.m; sourceTree = "<group>"; };
		7C07BBAD1C352D970060404A /* UIView+InputToolbarContentViewLayoutEdge.h */ = {isa = PBXFileReference; fileEncoding = 4; lastKnownFileType = sourcecode.c.h; path = "UIView+InputToolbarContentViewLayoutEdge.h"; sourceTree = "<group>"; };
		7C07BBAE1C352D970060404A /* UIView+InputToolbarContentViewLayoutEdge.m */ = {isa = PBXFileReference; fileEncoding = 4; lastKnownFileType = sourcecode.c.objc; path = "UIView+InputToolbarContentViewLayoutEdge.m"; sourceTree = "<group>"; };
		7C2538A81C3370CE00C69A89 /* GRMessages.app */ = {isa = PBXFileReference; explicitFileType = wrapper.application; includeInIndex = 0; path = GRMessages.app; sourceTree = BUILT_PRODUCTS_DIR; };
		7C2538AC1C3370CE00C69A89 /* main.m */ = {isa = PBXFileReference; lastKnownFileType = sourcecode.c.objc; path = main.m; sourceTree = "<group>"; };
		7C2538B71C3370CE00C69A89 /* Assets.xcassets */ = {isa = PBXFileReference; lastKnownFileType = folder.assetcatalog; path = Assets.xcassets; sourceTree = "<group>"; };
		7C2538BA1C3370CE00C69A89 /* Base */ = {isa = PBXFileReference; lastKnownFileType = file.storyboard; name = Base; path = Base.lproj/LaunchScreen.storyboard; sourceTree = "<group>"; };
		7C2538BC1C3370CE00C69A89 /* Info.plist */ = {isa = PBXFileReference; lastKnownFileType = text.plist.xml; path = Info.plist; sourceTree = "<group>"; };
		7C2538D01C33797600C69A89 /* AppDelegate.h */ = {isa = PBXFileReference; fileEncoding = 4; lastKnownFileType = sourcecode.c.h; path = AppDelegate.h; sourceTree = "<group>"; };
		7C2538D11C33797600C69A89 /* AppDelegate.m */ = {isa = PBXFileReference; fileEncoding = 4; lastKnownFileType = sourcecode.c.objc; path = AppDelegate.m; sourceTree = "<group>"; };
		7C2538DF1C33825600C69A89 /* DemoGRMessagesViewController.h */ = {isa = PBXFileReference; fileEncoding = 4; lastKnownFileType = sourcecode.c.h; path = DemoGRMessagesViewController.h; sourceTree = "<group>"; };
		7C2538E01C33825600C69A89 /* DemoGRMessagesViewController.m */ = {isa = PBXFileReference; fileEncoding = 4; lastKnownFileType = sourcecode.c.objc; path = DemoGRMessagesViewController.m; sourceTree = "<group>"; };
		7C2538E21C3382E500C69A89 /* Singleton.h */ = {isa = PBXFileReference; fileEncoding = 4; lastKnownFileType = sourcecode.c.h; path = Singleton.h; sourceTree = "<group>"; };
		7C2538E41C3383DF00C69A89 /* NSString+Extensions.h */ = {isa = PBXFileReference; fileEncoding = 4; lastKnownFileType = sourcecode.c.h; path = "NSString+Extensions.h"; sourceTree = "<group>"; };
		7C2538E51C3383DF00C69A89 /* NSString+Extensions.m */ = {isa = PBXFileReference; fileEncoding = 4; lastKnownFileType = sourcecode.c.objc; path = "NSString+Extensions.m"; sourceTree = "<group>"; };
		7C2538E71C3383DF00C69A89 /* UIColor+Hex.h */ = {isa = PBXFileReference; fileEncoding = 4; lastKnownFileType = sourcecode.c.h; path = "UIColor+Hex.h"; sourceTree = "<group>"; };
		7C2538E81C3383DF00C69A89 /* UIColor+Hex.m */ = {isa = PBXFileReference; fileEncoding = 4; lastKnownFileType = sourcecode.c.objc; path = "UIColor+Hex.m"; sourceTree = "<group>"; };
		7C2538EC1C3383EF00C69A89 /* pinyin.c */ = {isa = PBXFileReference; fileEncoding = 4; lastKnownFileType = sourcecode.c.c; path = pinyin.c; sourceTree = "<group>"; };
		7C2538ED1C3383EF00C69A89 /* pinyin.h */ = {isa = PBXFileReference; fileEncoding = 4; lastKnownFileType = sourcecode.c.h; path = pinyin.h; sourceTree = "<group>"; };
		7C2538F41C33B82F00C69A89 /* GRMessagesViewController.h */ = {isa = PBXFileReference; fileEncoding = 4; lastKnownFileType = sourcecode.c.h; path = GRMessagesViewController.h; sourceTree = "<group>"; };
		7C2538F51C33B82F00C69A89 /* GRMessagesViewController.m */ = {isa = PBXFileReference; fileEncoding = 4; lastKnownFileType = sourcecode.c.objc; path = GRMessagesViewController.m; sourceTree = "<group>"; };
		7C2538F61C33B82F00C69A89 /* GRMessagesViewController.xib */ = {isa = PBXFileReference; fileEncoding = 4; lastKnownFileType = file.xib; path = GRMessagesViewController.xib; sourceTree = "<group>"; };
		7C2538F91C33B98F00C69A89 /* GRMessagesInputToolbar.h */ = {isa = PBXFileReference; fileEncoding = 4; lastKnownFileType = sourcecode.c.h; path = GRMessagesInputToolbar.h; sourceTree = "<group>"; };
		7C2538FA1C33B98F00C69A89 /* GRMessagesInputToolbar.m */ = {isa = PBXFileReference; fileEncoding = 4; lastKnownFileType = sourcecode.c.objc; path = GRMessagesInputToolbar.m; sourceTree = "<group>"; };
		7C2538FC1C33C6D500C69A89 /* GRMessagesCollectionViewFlowLayout.h */ = {isa = PBXFileReference; fileEncoding = 4; lastKnownFileType = sourcecode.c.h; path = GRMessagesCollectionViewFlowLayout.h; sourceTree = "<group>"; };
		7C2538FD1C33C6D500C69A89 /* GRMessagesCollectionViewFlowLayout.m */ = {isa = PBXFileReference; fileEncoding = 4; lastKnownFileType = sourcecode.c.objc; path = GRMessagesCollectionViewFlowLayout.m; sourceTree = "<group>"; };
		7C2538FF1C33C94900C69A89 /* GRMessagesInputToolbarContentView.h */ = {isa = PBXFileReference; fileEncoding = 4; lastKnownFileType = sourcecode.c.h; path = GRMessagesInputToolbarContentView.h; sourceTree = "<group>"; };
		7C2539001C33C94900C69A89 /* GRMessagesInputToolbarContentView.m */ = {isa = PBXFileReference; fileEncoding = 4; lastKnownFileType = sourcecode.c.objc; path = GRMessagesInputToolbarContentView.m; sourceTree = "<group>"; };
		7C2539041C33C9B200C69A89 /* GRMessagesInputToolbarContentView.xib */ = {isa = PBXFileReference; fileEncoding = 4; lastKnownFileType = file.xib; path = GRMessagesInputToolbarContentView.xib; sourceTree = "<group>"; };
/* End PBXFileReference section */

/* Begin PBXFrameworksBuildPhase section */
		7C2538A51C3370CE00C69A89 /* Frameworks */ = {
			isa = PBXFrameworksBuildPhase;
			buildActionMask = 2147483647;
			files = (
			);
			runOnlyForDeploymentPostprocessing = 0;
		};
/* End PBXFrameworksBuildPhase section */

/* Begin PBXGroup section */
		7C25389F1C3370CE00C69A89 = {
			isa = PBXGroup;
			children = (
				7C2538AA1C3370CE00C69A89 /* GRMessages */,
				7C2538A91C3370CE00C69A89 /* Products */,
			);
			sourceTree = "<group>";
		};
		7C2538A91C3370CE00C69A89 /* Products */ = {
			isa = PBXGroup;
			children = (
				7C2538A81C3370CE00C69A89 /* GRMessages.app */,
			);
			name = Products;
			sourceTree = "<group>";
		};
		7C2538AA1C3370CE00C69A89 /* GRMessages */ = {
			isa = PBXGroup;
			children = (
				7C2538CC1C33797600C69A89 /* GRMessagesCategories */,
				7C2538CD1C33797600C69A89 /* GRMessagesCommon */,
				7C2538CE1C33797600C69A89 /* GRMessagesControllers */,
				7C2538CF1C33797600C69A89 /* GRMessagesDemo */,
				7C2538D41C33797600C69A89 /* GRMessagesFactories */,
				7C2538D51C33797600C69A89 /* GRMessagesFrameworks */,
				7C2538D61C33797600C69A89 /* GRMessagesLayout */,
				7C2538D71C33797600C69A89 /* GRMessagesModel */,
				7C2538D81C33797600C69A89 /* GRMessagesResource */,
				7C2538D91C33797600C69A89 /* GRMessagesViews */,
				7C2538B71C3370CE00C69A89 /* Assets.xcassets */,
				7C2538B91C3370CE00C69A89 /* LaunchScreen.storyboard */,
				7C2538BC1C3370CE00C69A89 /* Info.plist */,
				7C2538AB1C3370CE00C69A89 /* Supporting Files */,
			);
			path = GRMessages;
			sourceTree = "<group>";
		};
		7C2538AB1C3370CE00C69A89 /* Supporting Files */ = {
			isa = PBXGroup;
			children = (
				7C2538AC1C3370CE00C69A89 /* main.m */,
			);
			name = "Supporting Files";
			sourceTree = "<group>";
		};
		7C2538CC1C33797600C69A89 /* GRMessagesCategories */ = {
			isa = PBXGroup;
			children = (
				7C2538E31C3383DF00C69A89 /* Nsstring+Extensions */,
				7C2538E61C3383DF00C69A89 /* UIColor+Hex */,
				7C07BBAD1C352D970060404A /* UIView+InputToolbarContentViewLayoutEdge.h */,
				7C07BBAE1C352D970060404A /* UIView+InputToolbarContentViewLayoutEdge.m */,
			);
			path = GRMessagesCategories;
			sourceTree = "<group>";
		};
		7C2538CD1C33797600C69A89 /* GRMessagesCommon */ = {
			isa = PBXGroup;
			children = (
				7C2538EB1C3383EF00C69A89 /* pinyin */,
				7C2538E21C3382E500C69A89 /* Singleton.h */,
			);
			path = GRMessagesCommon;
			sourceTree = "<group>";
		};
		7C2538CE1C33797600C69A89 /* GRMessagesControllers */ = {
			isa = PBXGroup;
			children = (
				7C2538F41C33B82F00C69A89 /* GRMessagesViewController.h */,
				7C2538F51C33B82F00C69A89 /* GRMessagesViewController.m */,
				7C2538F61C33B82F00C69A89 /* GRMessagesViewController.xib */,
			);
			path = GRMessagesControllers;
			sourceTree = "<group>";
		};
		7C2538CF1C33797600C69A89 /* GRMessagesDemo */ = {
			isa = PBXGroup;
			children = (
				7C2538D01C33797600C69A89 /* AppDelegate.h */,
				7C2538D11C33797600C69A89 /* AppDelegate.m */,
				7C2538DF1C33825600C69A89 /* DemoGRMessagesViewController.h */,
				7C2538E01C33825600C69A89 /* DemoGRMessagesViewController.m */,
			);
			path = GRMessagesDemo;
			sourceTree = "<group>";
		};
		7C2538D41C33797600C69A89 /* GRMessagesFactories */ = {
			isa = PBXGroup;
			children = (
			);
			path = GRMessagesFactories;
			sourceTree = "<group>";
		};
		7C2538D51C33797600C69A89 /* GRMessagesFrameworks */ = {
			isa = PBXGroup;
			children = (
			);
			path = GRMessagesFrameworks;
			sourceTree = "<group>";
		};
		7C2538D61C33797600C69A89 /* GRMessagesLayout */ = {
			isa = PBXGroup;
			children = (
				7C2538FC1C33C6D500C69A89 /* GRMessagesCollectionViewFlowLayout.h */,
				7C2538FD1C33C6D500C69A89 /* GRMessagesCollectionViewFlowLayout.m */,
			);
			path = GRMessagesLayout;
			sourceTree = "<group>";
		};
		7C2538D71C33797600C69A89 /* GRMessagesModel */ = {
			isa = PBXGroup;
			children = (
			);
			path = GRMessagesModel;
			sourceTree = "<group>";
		};
		7C2538D81C33797600C69A89 /* GRMessagesResource */ = {
			isa = PBXGroup;
			children = (
			);
			path = GRMessagesResource;
			sourceTree = "<group>";
		};
		7C2538D91C33797600C69A89 /* GRMessagesViews */ = {
			isa = PBXGroup;
			children = (
				7C2538F91C33B98F00C69A89 /* GRMessagesInputToolbar.h */,
				7C2538FA1C33B98F00C69A89 /* GRMessagesInputToolbar.m */,
				7C2538FF1C33C94900C69A89 /* GRMessagesInputToolbarContentView.h */,
				7C2539001C33C94900C69A89 /* GRMessagesInputToolbarContentView.m */,
				7C2539041C33C9B200C69A89 /* GRMessagesInputToolbarContentView.xib */,
				7C07BBAA1C33DC440060404A /* GRMessagesTextView.h */,
				7C07BBAB1C33DC440060404A /* GRMessagesTextView.m */,
			);
			path = GRMessagesViews;
			sourceTree = "<group>";
		};
		7C2538E31C3383DF00C69A89 /* Nsstring+Extensions */ = {
			isa = PBXGroup;
			children = (
				7C2538E41C3383DF00C69A89 /* NSString+Extensions.h */,
				7C2538E51C3383DF00C69A89 /* NSString+Extensions.m */,
			);
			path = "Nsstring+Extensions";
			sourceTree = "<group>";
		};
		7C2538E61C3383DF00C69A89 /* UIColor+Hex */ = {
			isa = PBXGroup;
			children = (
				7C2538E71C3383DF00C69A89 /* UIColor+Hex.h */,
				7C2538E81C3383DF00C69A89 /* UIColor+Hex.m */,
			);
			path = "UIColor+Hex";
			sourceTree = "<group>";
		};
		7C2538EB1C3383EF00C69A89 /* pinyin */ = {
			isa = PBXGroup;
			children = (
				7C2538EC1C3383EF00C69A89 /* pinyin.c */,
				7C2538ED1C3383EF00C69A89 /* pinyin.h */,
			);
			path = pinyin;
			sourceTree = "<group>";
		};
/* End PBXGroup section */

/* Begin PBXNativeTarget section */
		7C2538A71C3370CE00C69A89 /* GRMessages */ = {
			isa = PBXNativeTarget;
			buildConfigurationList = 7C2538BF1C3370CE00C69A89 /* Build configuration list for PBXNativeTarget "GRMessages" */;
			buildPhases = (
				7C2538A41C3370CE00C69A89 /* Sources */,
				7C2538A51C3370CE00C69A89 /* Frameworks */,
				7C2538A61C3370CE00C69A89 /* Resources */,
			);
			buildRules = (
			);
			dependencies = (
			);
			name = GRMessages;
			productName = GRMessages;
			productReference = 7C2538A81C3370CE00C69A89 /* GRMessages.app */;
			productType = "com.apple.product-type.application";
		};
/* End PBXNativeTarget section */

/* Begin PBXProject section */
		7C2538A01C3370CE00C69A89 /* Project object */ = {
			isa = PBXProject;
			attributes = {
				LastUpgradeCheck = 0720;
				ORGANIZATIONNAME = chengbin;
				TargetAttributes = {
					7C2538A71C3370CE00C69A89 = {
						CreatedOnToolsVersion = 7.2;
					};
				};
			};
			buildConfigurationList = 7C2538A31C3370CE00C69A89 /* Build configuration list for PBXProject "GRMessages" */;
			compatibilityVersion = "Xcode 3.2";
			developmentRegion = English;
			hasScannedForEncodings = 0;
			knownRegions = (
				en,
				Base,
			);
			mainGroup = 7C25389F1C3370CE00C69A89;
			productRefGroup = 7C2538A91C3370CE00C69A89 /* Products */;
			projectDirPath = "";
			projectRoot = "";
			targets = (
				7C2538A71C3370CE00C69A89 /* GRMessages */,
			);
		};
/* End PBXProject section */

/* Begin PBXResourcesBuildPhase section */
		7C2538A61C3370CE00C69A89 /* Resources */ = {
			isa = PBXResourcesBuildPhase;
			buildActionMask = 2147483647;
			files = (
				7C2539051C33C9B200C69A89 /* GRMessagesInputToolbarContentView.xib in Resources */,
				7C2538F81C33B82F00C69A89 /* GRMessagesViewController.xib in Resources */,
				7C2538BB1C3370CE00C69A89 /* LaunchScreen.storyboard in Resources */,
				7C2538B81C3370CE00C69A89 /* Assets.xcassets in Resources */,
			);
			runOnlyForDeploymentPostprocessing = 0;
		};
/* End PBXResourcesBuildPhase section */

/* Begin PBXSourcesBuildPhase section */
		7C2538A41C3370CE00C69A89 /* Sources */ = {
			isa = PBXSourcesBuildPhase;
			buildActionMask = 2147483647;
			files = (
				7C2538EE1C3383EF00C69A89 /* pinyin.c in Sources */,
				7C2538DA1C33797600C69A89 /* AppDelegate.m in Sources */,
				7C2539011C33C94900C69A89 /* GRMessagesInputToolbarContentView.m in Sources */,
				7C2538EA1C3383DF00C69A89 /* UIColor+Hex.m in Sources */,
				7C2538AD1C3370CE00C69A89 /* main.m in Sources */,
				7C07BBAF1C352D970060404A /* UIView+InputToolbarContentViewLayoutEdge.m in Sources */,
				7C2538F71C33B82F00C69A89 /* GRMessagesViewController.m in Sources */,
				7C2538E11C33825600C69A89 /* DemoGRMessagesViewController.m in Sources */,
				7C2538E91C3383DF00C69A89 /* NSString+Extensions.m in Sources */,
				7C2538FE1C33C6D500C69A89 /* GRMessagesCollectionViewFlowLayout.m in Sources */,
				7C07BBAC1C33DC440060404A /* GRMessagesTextView.m in Sources */,
				7C2538FB1C33B98F00C69A89 /* GRMessagesInputToolbar.m in Sources */,
			);
			runOnlyForDeploymentPostprocessing = 0;
		};
/* End PBXSourcesBuildPhase section */

/* Begin PBXVariantGroup section */
		7C2538B91C3370CE00C69A89 /* LaunchScreen.storyboard */ = {
			isa = PBXVariantGroup;
			children = (
				7C2538BA1C3370CE00C69A89 /* Base */,
			);
			name = LaunchScreen.storyboard;
			sourceTree = "<group>";
		};
/* End PBXVariantGroup section */

/* Begin XCBuildConfiguration section */
		7C2538BD1C3370CE00C69A89 /* Debug */ = {
			isa = XCBuildConfiguration;
			buildSettings = {
				ALWAYS_SEARCH_USER_PATHS = NO;
				CLANG_CXX_LANGUAGE_STANDARD = "gnu++0x";
				CLANG_CXX_LIBRARY = "libc++";
				CLANG_ENABLE_MODULES = YES;
				CLANG_ENABLE_OBJC_ARC = YES;
				CLANG_WARN_BOOL_CONVERSION = YES;
				CLANG_WARN_CONSTANT_CONVERSION = YES;
				CLANG_WARN_DIRECT_OBJC_ISA_USAGE = YES_ERROR;
				CLANG_WARN_EMPTY_BODY = YES;
				CLANG_WARN_ENUM_CONVERSION = YES;
				CLANG_WARN_INT_CONVERSION = YES;
				CLANG_WARN_OBJC_ROOT_CLASS = YES_ERROR;
				CLANG_WARN_UNREACHABLE_CODE = YES;
				CLANG_WARN__DUPLICATE_METHOD_MATCH = YES;
				"CODE_SIGN_IDENTITY[sdk=iphoneos*]" = "iPhone Developer";
				COPY_PHASE_STRIP = NO;
				DEBUG_INFORMATION_FORMAT = dwarf;
				ENABLE_STRICT_OBJC_MSGSEND = YES;
				ENABLE_TESTABILITY = YES;
				GCC_C_LANGUAGE_STANDARD = gnu99;
				GCC_DYNAMIC_NO_PIC = NO;
				GCC_NO_COMMON_BLOCKS = YES;
				GCC_OPTIMIZATION_LEVEL = 0;
				GCC_PREPROCESSOR_DEFINITIONS = (
					"DEBUG=1",
					"$(inherited)",
				);
				GCC_WARN_64_TO_32_BIT_CONVERSION = YES;
				GCC_WARN_ABOUT_RETURN_TYPE = YES_ERROR;
				GCC_WARN_UNDECLARED_SELECTOR = YES;
				GCC_WARN_UNINITIALIZED_AUTOS = YES_AGGRESSIVE;
				GCC_WARN_UNUSED_FUNCTION = YES;
				GCC_WARN_UNUSED_VARIABLE = YES;
				IPHONEOS_DEPLOYMENT_TARGET = 9.2;
				MTL_ENABLE_DEBUG_INFO = YES;
				ONLY_ACTIVE_ARCH = YES;
				SDKROOT = iphoneos;
				TARGETED_DEVICE_FAMILY = "1,2";
			};
			name = Debug;
		};
		7C2538BE1C3370CE00C69A89 /* Release */ = {
			isa = XCBuildConfiguration;
			buildSettings = {
				ALWAYS_SEARCH_USER_PATHS = NO;
				CLANG_CXX_LANGUAGE_STANDARD = "gnu++0x";
				CLANG_CXX_LIBRARY = "libc++";
				CLANG_ENABLE_MODULES = YES;
				CLANG_ENABLE_OBJC_ARC = YES;
				CLANG_WARN_BOOL_CONVERSION = YES;
				CLANG_WARN_CONSTANT_CONVERSION = YES;
				CLANG_WARN_DIRECT_OBJC_ISA_USAGE = YES_ERROR;
				CLANG_WARN_EMPTY_BODY = YES;
				CLANG_WARN_ENUM_CONVERSION = YES;
				CLANG_WARN_INT_CONVERSION = YES;
				CLANG_WARN_OBJC_ROOT_CLASS = YES_ERROR;
				CLANG_WARN_UNREACHABLE_CODE = YES;
				CLANG_WARN__DUPLICATE_METHOD_MATCH = YES;
				"CODE_SIGN_IDENTITY[sdk=iphoneos*]" = "iPhone Developer";
				COPY_PHASE_STRIP = NO;
				DEBUG_INFORMATION_FORMAT = "dwarf-with-dsym";
				ENABLE_NS_ASSERTIONS = NO;
				ENABLE_STRICT_OBJC_MSGSEND = YES;
				GCC_C_LANGUAGE_STANDARD = gnu99;
				GCC_NO_COMMON_BLOCKS = YES;
				GCC_WARN_64_TO_32_BIT_CONVERSION = YES;
				GCC_WARN_ABOUT_RETURN_TYPE = YES_ERROR;
				GCC_WARN_UNDECLARED_SELECTOR = YES;
				GCC_WARN_UNINITIALIZED_AUTOS = YES_AGGRESSIVE;
				GCC_WARN_UNUSED_FUNCTION = YES;
				GCC_WARN_UNUSED_VARIABLE = YES;
				IPHONEOS_DEPLOYMENT_TARGET = 9.2;
				MTL_ENABLE_DEBUG_INFO = NO;
				SDKROOT = iphoneos;
				TARGETED_DEVICE_FAMILY = "1,2";
				VALIDATE_PRODUCT = YES;
			};
			name = Release;
		};
		7C2538C01C3370CE00C69A89 /* Debug */ = {
			isa = XCBuildConfiguration;
			buildSettings = {
				ASSETCATALOG_COMPILER_APPICON_NAME = AppIcon;
				INFOPLIST_FILE = GRMessages/Info.plist;
				IPHONEOS_DEPLOYMENT_TARGET = 7.0;
				LD_RUNPATH_SEARCH_PATHS = "$(inherited) @executable_path/Frameworks";
				PRODUCT_BUNDLE_IDENTIFIER = woodjobber.GRMessages;
				PRODUCT_NAME = "$(TARGET_NAME)";
			};
			name = Debug;
		};
		7C2538C11C3370CE00C69A89 /* Release */ = {
			isa = XCBuildConfiguration;
			buildSettings = {
				ASSETCATALOG_COMPILER_APPICON_NAME = AppIcon;
				INFOPLIST_FILE = GRMessages/Info.plist;
				IPHONEOS_DEPLOYMENT_TARGET = 7.0;
				LD_RUNPATH_SEARCH_PATHS = "$(inherited) @executable_path/Frameworks";
				PRODUCT_BUNDLE_IDENTIFIER = woodjobber.GRMessages;
				PRODUCT_NAME = "$(TARGET_NAME)";
			};
			name = Release;
		};
/* End XCBuildConfiguration section */

/* Begin XCConfigurationList section */
		7C2538A31C3370CE00C69A89 /* Build configuration list for PBXProject "GRMessages" */ = {
			isa = XCConfigurationList;
			buildConfigurations = (
				7C2538BD1C3370CE00C69A89 /* Debug */,
				7C2538BE1C3370CE00C69A89 /* Release */,
			);
			defaultConfigurationIsVisible = 0;
			defaultConfigurationName = Release;
		};
		7C2538BF1C3370CE00C69A89 /* Build configuration list for PBXNativeTarget "GRMessages" */ = {
			isa = XCConfigurationList;
			buildConfigurations = (
				7C2538C01C3370CE00C69A89 /* Debug */,
				7C2538C11C3370CE00C69A89 /* Release */,
			);
			defaultConfigurationIsVisible = 0;
			defaultConfigurationName = Release;
		};
/* End XCConfigurationList section */
	};
	rootObject = 7C2538A01C3370CE00C69A89 /* Project object */;
}
